
Microsoft Visual Studio Solution File, Format Version 12.00
# Visual Studio Version 17
VisualStudioVersion = 17.8.34316.72
MinimumVisualStudioVersion = 10.0.40219.1
Project("{9A19103F-16F7-4668-BE54-9A1E7A4F7556}") = "ConsoleMVC", "ConsoleMVC\ConsoleMVC.csproj", "{9C1EFAA5-9FC3-4BDB-B4A1-F2BD1074CBAF}"
EndProject
Project("{2150E333-8FDC-42A3-9474-1A3956D46DE8}") = "SampleApp1", "SampleApp1", "{27471583-DC92-4B6C-B381-043C25A7DBF5}"
EndProject
Project("{9A19103F-16F7-4668-BE54-9A1E7A4F7556}") = "SampleApp1.Data", "SampleApp1.Data\SampleApp1.Data.csproj", "{45FF51E8-E1FD-4E89-9800-093E9E4E5ED3}"
EndProject
Project("{9A19103F-16F7-4668-BE54-9A1E7A4F7556}") = "SampleApp1.Core", "SampleApp1.Core\SampleApp1.Core.csproj", "{3D36E18F-9575-4E03-AAD0-C780A1A231BB}"
EndProject
Project("{9A19103F-16F7-4668-BE54-9A1E7A4F7556}") = "SampleApp1.Web.MVC", "SampleApp1.Web.MVC\SampleApp1.Web.MVC.csproj", "{928052EE-F5B9-4749-B628-2F6475184AC9}"
EndProject
Project("{9A19103F-16F7-4668-BE54-9A1E7A4F7556}") = "SampleApp1.Web.ViewModels", "SampleApp1.Web.ViewModels\SampleApp1.Web.ViewModels.csproj", "{E25117DD-F615-42D3-ADDE-208AE96C3C87}"
EndProject
Project("{9A19103F-16F7-4668-BE54-9A1E7A4F7556}") = "Demo", "Demo\Demo.csproj", "{C44BDF8D-2374-42BE-90D6-8C1692FB3FC8}"
EndProject
Project("{9A19103F-16F7-4668-BE54-9A1E7A4F7556}") = "SampleApp1.Experiments", "SampleApp1.Experiments\SampleApp1.Experiments.csproj", "{2C060C5E-1705-42DC-9503-80DB1DBAAD0E}"
EndProject
Project("{9A19103F-16F7-4668-BE54-9A1E7A4F7556}") = "SimpleHttpServer", "SimpleHttpServer\SimpleHttpServer.csproj", "{245578B5-1567-43AB-977C-A0E6C5A1CB44}"
EndProject
Project("{FAE04EC0-301F-11D3-BF4B-00C04F79EFBC}") = "SampleApp1.Core.Tests", "SampleApp1.Core.Tests\SampleApp1.Core.Tests.csproj", "{55939FAD-1A36-410F-9251-84494D0A9648}"
EndProject
Global
	GlobalSection(SolutionConfigurationPlatforms) = preSolution
		Debug|Any CPU = Debug|Any CPU
		Release|Any CPU = Release|Any CPU
	EndGlobalSection
	GlobalSection(ProjectConfigurationPlatforms) = postSolution
		{9C1EFAA5-9FC3-4BDB-B4A1-F2BD1074CBAF}.Debug|Any CPU.ActiveCfg = Debug|Any CPU
		{9C1EFAA5-9FC3-4BDB-B4A1-F2BD1074CBAF}.Debug|Any CPU.Build.0 = Debug|Any CPU
		{9C1EFAA5-9FC3-4BDB-B4A1-F2BD1074CBAF}.Release|Any CPU.ActiveCfg = Release|Any CPU
		{9C1EFAA5-9FC3-4BDB-B4A1-F2BD1074CBAF}.Release|Any CPU.Build.0 = Release|Any CPU
		{45FF51E8-E1FD-4E89-9800-093E9E4E5ED3}.Debug|Any CPU.ActiveCfg = Debug|Any CPU
		{45FF51E8-E1FD-4E89-9800-093E9E4E5ED3}.Debug|Any CPU.Build.0 = Debug|Any CPU
		{45FF51E8-E1FD-4E89-9800-093E9E4E5ED3}.Release|Any CPU.ActiveCfg = Release|Any CPU
		{45FF51E8-E1FD-4E89-9800-093E9E4E5ED3}.Release|Any CPU.Build.0 = Release|Any CPU
		{3D36E18F-9575-4E03-AAD0-C780A1A231BB}.Debug|Any CPU.ActiveCfg = Debug|Any CPU
		{3D36E18F-9575-4E03-AAD0-C780A1A231BB}.Debug|Any CPU.Build.0 = Debug|Any CPU
		{3D36E18F-9575-4E03-AAD0-C780A1A231BB}.Release|Any CPU.ActiveCfg = Release|Any CPU
		{3D36E18F-9575-4E03-AAD0-C780A1A231BB}.Release|Any CPU.Build.0 = Release|Any CPU
		{928052EE-F5B9-4749-B628-2F6475184AC9}.Debug|Any CPU.ActiveCfg = Debug|Any CPU
		{928052EE-F5B9-4749-B628-2F6475184AC9}.Debug|Any CPU.Build.0 = Debug|Any CPU
		{928052EE-F5B9-4749-B628-2F6475184AC9}.Release|Any CPU.ActiveCfg = Release|Any CPU
		{928052EE-F5B9-4749-B628-2F6475184AC9}.Release|Any CPU.Build.0 = Release|Any CPU
		{E25117DD-F615-42D3-ADDE-208AE96C3C87}.Debug|Any CPU.ActiveCfg = Debug|Any CPU
		{E25117DD-F615-42D3-ADDE-208AE96C3C87}.Debug|Any CPU.Build.0 = Debug|Any CPU
		{E25117DD-F615-42D3-ADDE-208AE96C3C87}.Release|Any CPU.ActiveCfg = Release|Any CPU
		{E25117DD-F615-42D3-ADDE-208AE96C3C87}.Release|Any CPU.Build.0 = Release|Any CPU
		{C44BDF8D-2374-42BE-90D6-8C1692FB3FC8}.Debug|Any CPU.ActiveCfg = Debug|Any CPU
		{C44BDF8D-2374-42BE-90D6-8C1692FB3FC8}.Debug|Any CPU.Build.0 = Debug|Any CPU
		{C44BDF8D-2374-42BE-90D6-8C1692FB3FC8}.Release|Any CPU.ActiveCfg = Release|Any CPU
		{C44BDF8D-2374-42BE-90D6-8C1692FB3FC8}.Release|Any CPU.Build.0 = Release|Any CPU
		{2C060C5E-1705-42DC-9503-80DB1DBAAD0E}.Debug|Any CPU.ActiveCfg = Debug|Any CPU
		{2C060C5E-1705-42DC-9503-80DB1DBAAD0E}.Debug|Any CPU.Build.0 = Debug|Any CPU
		{2C060C5E-1705-42DC-9503-80DB1DBAAD0E}.Release|Any CPU.ActiveCfg = Release|Any CPU
		{2C060C5E-1705-42DC-9503-80DB1DBAAD0E}.Release|Any CPU.Build.0 = Release|Any CPU
		{245578B5-1567-43AB-977C-A0E6C5A1CB44}.Debug|Any CPU.ActiveCfg = Debug|Any CPU
		{245578B5-1567-43AB-977C-A0E6C5A1CB44}.Debug|Any CPU.Build.0 = Debug|Any CPU
		{245578B5-1567-43AB-977C-A0E6C5A1CB44}.Release|Any CPU.ActiveCfg = Release|Any CPU
		{245578B5-1567-43AB-977C-A0E6C5A1CB44}.Release|Any CPU.Build.0 = Release|Any CPU
		{55939FAD-1A36-410F-9251-84494D0A9648}.Debug|Any CPU.ActiveCfg = Debug|Any CPU
		{55939FAD-1A36-410F-9251-84494D0A9648}.Debug|Any CPU.Build.0 = Debug|Any CPU
		{55939FAD-1A36-410F-9251-84494D0A9648}.Release|Any CPU.ActiveCfg = Release|Any CPU
		{55939FAD-1A36-410F-9251-84494D0A9648}.Release|Any CPU.Build.0 = Release|Any CPU
	EndGlobalSection
	GlobalSection(SolutionProperties) = preSolution
		HideSolutionNode = FALSE
	EndGlobalSection
	GlobalSection(NestedProjects) = preSolution
		{45FF51E8-E1FD-4E89-9800-093E9E4E5ED3} = {27471583-DC92-4B6C-B381-043C25A7DBF5}
		{3D36E18F-9575-4E03-AAD0-C780A1A231BB} = {27471583-DC92-4B6C-B381-043C25A7DBF5}
		{928052EE-F5B9-4749-B628-2F6475184AC9} = {27471583-DC92-4B6C-B381-043C25A7DBF5}
		{E25117DD-F615-42D3-ADDE-208AE96C3C87} = {27471583-DC92-4B6C-B381-043C25A7DBF5}
		{2C060C5E-1705-42DC-9503-80DB1DBAAD0E} = {27471583-DC92-4B6C-B381-043C25A7DBF5}
		{55939FAD-1A36-410F-9251-84494D0A9648} = {27471583-DC92-4B6C-B381-043C25A7DBF5}
	EndGlobalSection
	GlobalSection(ExtensibilityGlobals) = postSolution
		SolutionGuid = {F76E550E-0A0B-4E1A-8CC6-81AA9C409312}
	EndGlobalSection
EndGlobal
