
Microsoft Visual Studio Solution File, Format Version 12.00
# Visual Studio Version 17
VisualStudioVersion = 17.7.34024.191
MinimumVisualStudioVersion = 10.0.40219.1
Project("{9A19103F-16F7-4668-BE54-9A1E7A4F7556}") = "Playground", "Playground\Playground.csproj", "{65EA4352-6214-4776-A4F5-0535D0E58F3E}"
EndProject
Project("{9A19103F-16F7-4668-BE54-9A1E7A4F7556}") = "Family", "Family\Family.csproj", "{14BC4083-8078-47C3-A60C-1629580B46D5}"
EndProject
Project("{9A19103F-16F7-4668-BE54-9A1E7A4F7556}") = "Statistics", "Statistics\Statistics.csproj", "{CC1AA66A-7CA9-415F-95B4-DE05426DCB8F}"
EndProject
Project("{9A19103F-16F7-4668-BE54-9A1E7A4F7556}") = "SquareRootQueries", "SquareRootQueries\SquareRootQueries.csproj", "{C5D2D36F-AAA6-47D3-8070-D5C5433E1699}"
EndProject
Project("{9A19103F-16F7-4668-BE54-9A1E7A4F7556}") = "MemoryDiagnostics", "MemoryDiagnostics\MemoryDiagnostics.csproj", "{97174639-AEC8-4B80-84FC-C417E64520FC}"
EndProject
Project("{9A19103F-16F7-4668-BE54-9A1E7A4F7556}") = "SwapElements", "SwapElements\SwapElements.csproj", "{2E88070B-63C9-4557-81F3-EF0DD397A702}"
EndProject
Project("{9A19103F-16F7-4668-BE54-9A1E7A4F7556}") = "Playground.Inheritance", "Playground.Inheritance\Playground.Inheritance.csproj", "{7BC9AF63-6E7A-407D-BE2A-432B09BDF130}"
EndProject
Project("{9A19103F-16F7-4668-BE54-9A1E7A4F7556}") = "Figures", "Figures\Figures.csproj", "{0E81A0C9-46D5-4762-BC5A-B5F89226F260}"
EndProject
Project("{9A19103F-16F7-4668-BE54-9A1E7A4F7556}") = "Cars", "Cars\Cars.csproj", "{B7FFF2CD-058E-435F-A4D2-B60E90994F64}"
EndProject
Project("{9A19103F-16F7-4668-BE54-9A1E7A4F7556}") = "Machines", "Machines\Machines.csproj", "{1A532EFC-C236-41CD-8919-84EC37E78908}"
EndProject
Project("{9A19103F-16F7-4668-BE54-9A1E7A4F7556}") = "AnimalKingdom", "AnimalKingdom\AnimalKingdom.csproj", "{E0F2E9A3-2920-4F6E-8C8B-B2D391722BDB}"
EndProject
Project("{9A19103F-16F7-4668-BE54-9A1E7A4F7556}") = "Vehicles", "Vehicles\Vehicles.csproj", "{874FB83C-2783-456C-9E2F-63D4F8CB8B41}"
EndProject
Project("{9A19103F-16F7-4668-BE54-9A1E7A4F7556}") = "Iterators", "Iterators\Iterators.csproj", "{5D1F5D57-25B6-4848-9835-D2C0DA56114D}"
EndProject
Project("{9A19103F-16F7-4668-BE54-9A1E7A4F7556}") = "Books", "Books\Books.csproj", "{3165FF07-C0C9-42C8-BCF0-9AF4A0FF621A}"
EndProject
Project("{9A19103F-16F7-4668-BE54-9A1E7A4F7556}") = "FrogGame", "FrogGame\FrogGame.csproj", "{D2F57F36-7B37-437E-B952-574BB4108D7E}"
EndProject
Project("{9A19103F-16F7-4668-BE54-9A1E7A4F7556}") = "Playground.Math", "Playground.Math\Playground.Math.csproj", "{59701E0C-6AF5-40C6-8D2E-EC30B2E7A9F6}"
EndProject
Project("{9A19103F-16F7-4668-BE54-9A1E7A4F7556}") = "Playground.Reflection", "Playground.Reflection\Playground.Reflection.csproj", "{7E1AC667-8876-443E-A20E-E94646469A24}"
EndProject
Project("{9A19103F-16F7-4668-BE54-9A1E7A4F7556}") = "Playground.Functional", "Playground.Functional\Playground.Functional.csproj", "{652EEC98-AAD6-4DC5-8236-541947150905}"
EndProject
Project("{9A19103F-16F7-4668-BE54-9A1E7A4F7556}") = "CountSpecialWords", "CountSpecialWords\CountSpecialWords.csproj", "{4A05EC50-B1F3-47BC-9815-07389188DFE1}"
EndProject
Project("{9A19103F-16F7-4668-BE54-9A1E7A4F7556}") = "Playground.CustomLINQ", "Playground.CustomLINQ\Playground.CustomLINQ.csproj", "{3CA5BE53-E3B9-4663-859C-39D25BEFBABF}"
EndProject
Project("{9A19103F-16F7-4668-BE54-9A1E7A4F7556}") = "Playground.Events", "Playground.Events\Playground.Events.csproj", "{DFE20725-3F1B-4476-A651-6CA2EB7C2EA3}"
EndProject
Project("{9A19103F-16F7-4668-BE54-9A1E7A4F7556}") = "Playground.Communication", "Playground.Communication\Playground.Communication.csproj", "{15F87E03-8136-4A19-8E68-CCBFBDF80D85}"
EndProject
Project("{9A19103F-16F7-4668-BE54-9A1E7A4F7556}") = "EventSubscriber", "EventSubscriber\EventSubscriber.csproj", "{2DFEBD5D-CA46-45F7-9AC4-F348124B5229}"
EndProject
Project("{9A19103F-16F7-4668-BE54-9A1E7A4F7556}") = "KingsGambit", "KingsGambit\KingsGambit.csproj", "{7512ED0B-C494-4E71-8D48-B591014464A8}"
EndProject
Project("{9A19103F-16F7-4668-BE54-9A1E7A4F7556}") = "Playground.Exceptions", "Playground.Exceptions\Playground.Exceptions.csproj", "{E586896F-F8BB-4966-A1B1-04DACE789894}"
EndProject
Project("{9A19103F-16F7-4668-BE54-9A1E7A4F7556}") = "Playground.Streams", "Playground.Streams\Playground.Streams.csproj", "{4AB98B16-EDAA-45B6-8E46-70D812D3F99F}"
EndProject
Project("{9A19103F-16F7-4668-BE54-9A1E7A4F7556}") = "WebServer", "WebServer\WebServer.csproj", "{CC224535-C740-4E76-AA44-DD8D4934C0D1}"
EndProject
Project("{9A19103F-16F7-4668-BE54-9A1E7A4F7556}") = "Exercises.Streams", "Exercises.Streams\Exercises.Streams.csproj", "{800A2550-BC99-4FD5-99AD-9DCD2EB28154}"
EndProject
Project("{FAE04EC0-301F-11D3-BF4B-00C04F79EFBC}") = "Playground.DesignPatterns", "Playground.DesignPatterns\Playground.DesignPatterns.csproj", "{E2DE8C8A-3226-478C-80BC-C21EA0F28D16}"
EndProject
Global
	GlobalSection(SolutionConfigurationPlatforms) = preSolution
		Debug|Any CPU = Debug|Any CPU
		Release|Any CPU = Release|Any CPU
	EndGlobalSection
	GlobalSection(ProjectConfigurationPlatforms) = postSolution
		{65EA4352-6214-4776-A4F5-0535D0E58F3E}.Debug|Any CPU.ActiveCfg = Debug|Any CPU
		{65EA4352-6214-4776-A4F5-0535D0E58F3E}.Debug|Any CPU.Build.0 = Debug|Any CPU
		{65EA4352-6214-4776-A4F5-0535D0E58F3E}.Release|Any CPU.ActiveCfg = Release|Any CPU
		{65EA4352-6214-4776-A4F5-0535D0E58F3E}.Release|Any CPU.Build.0 = Release|Any CPU
		{14BC4083-8078-47C3-A60C-1629580B46D5}.Debug|Any CPU.ActiveCfg = Debug|Any CPU
		{14BC4083-8078-47C3-A60C-1629580B46D5}.Debug|Any CPU.Build.0 = Debug|Any CPU
		{14BC4083-8078-47C3-A60C-1629580B46D5}.Release|Any CPU.ActiveCfg = Release|Any CPU
		{14BC4083-8078-47C3-A60C-1629580B46D5}.Release|Any CPU.Build.0 = Release|Any CPU
		{CC1AA66A-7CA9-415F-95B4-DE05426DCB8F}.Debug|Any CPU.ActiveCfg = Debug|Any CPU
		{CC1AA66A-7CA9-415F-95B4-DE05426DCB8F}.Debug|Any CPU.Build.0 = Debug|Any CPU
		{CC1AA66A-7CA9-415F-95B4-DE05426DCB8F}.Release|Any CPU.ActiveCfg = Release|Any CPU
		{CC1AA66A-7CA9-415F-95B4-DE05426DCB8F}.Release|Any CPU.Build.0 = Release|Any CPU
		{C5D2D36F-AAA6-47D3-8070-D5C5433E1699}.Debug|Any CPU.ActiveCfg = Debug|Any CPU
		{C5D2D36F-AAA6-47D3-8070-D5C5433E1699}.Debug|Any CPU.Build.0 = Debug|Any CPU
		{C5D2D36F-AAA6-47D3-8070-D5C5433E1699}.Release|Any CPU.ActiveCfg = Release|Any CPU
		{C5D2D36F-AAA6-47D3-8070-D5C5433E1699}.Release|Any CPU.Build.0 = Release|Any CPU
		{97174639-AEC8-4B80-84FC-C417E64520FC}.Debug|Any CPU.ActiveCfg = Debug|Any CPU
		{97174639-AEC8-4B80-84FC-C417E64520FC}.Debug|Any CPU.Build.0 = Debug|Any CPU
		{97174639-AEC8-4B80-84FC-C417E64520FC}.Release|Any CPU.ActiveCfg = Release|Any CPU
		{97174639-AEC8-4B80-84FC-C417E64520FC}.Release|Any CPU.Build.0 = Release|Any CPU
		{2E88070B-63C9-4557-81F3-EF0DD397A702}.Debug|Any CPU.ActiveCfg = Debug|Any CPU
		{2E88070B-63C9-4557-81F3-EF0DD397A702}.Debug|Any CPU.Build.0 = Debug|Any CPU
		{2E88070B-63C9-4557-81F3-EF0DD397A702}.Release|Any CPU.ActiveCfg = Release|Any CPU
		{2E88070B-63C9-4557-81F3-EF0DD397A702}.Release|Any CPU.Build.0 = Release|Any CPU
		{7BC9AF63-6E7A-407D-BE2A-432B09BDF130}.Debug|Any CPU.ActiveCfg = Debug|Any CPU
		{7BC9AF63-6E7A-407D-BE2A-432B09BDF130}.Debug|Any CPU.Build.0 = Debug|Any CPU
		{7BC9AF63-6E7A-407D-BE2A-432B09BDF130}.Release|Any CPU.ActiveCfg = Release|Any CPU
		{7BC9AF63-6E7A-407D-BE2A-432B09BDF130}.Release|Any CPU.Build.0 = Release|Any CPU
		{0E81A0C9-46D5-4762-BC5A-B5F89226F260}.Debug|Any CPU.ActiveCfg = Debug|Any CPU
		{0E81A0C9-46D5-4762-BC5A-B5F89226F260}.Debug|Any CPU.Build.0 = Debug|Any CPU
		{0E81A0C9-46D5-4762-BC5A-B5F89226F260}.Release|Any CPU.ActiveCfg = Release|Any CPU
		{0E81A0C9-46D5-4762-BC5A-B5F89226F260}.Release|Any CPU.Build.0 = Release|Any CPU
		{B7FFF2CD-058E-435F-A4D2-B60E90994F64}.Debug|Any CPU.ActiveCfg = Debug|Any CPU
		{B7FFF2CD-058E-435F-A4D2-B60E90994F64}.Debug|Any CPU.Build.0 = Debug|Any CPU
		{B7FFF2CD-058E-435F-A4D2-B60E90994F64}.Release|Any CPU.ActiveCfg = Release|Any CPU
		{B7FFF2CD-058E-435F-A4D2-B60E90994F64}.Release|Any CPU.Build.0 = Release|Any CPU
		{1A532EFC-C236-41CD-8919-84EC37E78908}.Debug|Any CPU.ActiveCfg = Debug|Any CPU
		{1A532EFC-C236-41CD-8919-84EC37E78908}.Debug|Any CPU.Build.0 = Debug|Any CPU
		{1A532EFC-C236-41CD-8919-84EC37E78908}.Release|Any CPU.ActiveCfg = Release|Any CPU
		{1A532EFC-C236-41CD-8919-84EC37E78908}.Release|Any CPU.Build.0 = Release|Any CPU
		{E0F2E9A3-2920-4F6E-8C8B-B2D391722BDB}.Debug|Any CPU.ActiveCfg = Debug|Any CPU
		{E0F2E9A3-2920-4F6E-8C8B-B2D391722BDB}.Debug|Any CPU.Build.0 = Debug|Any CPU
		{E0F2E9A3-2920-4F6E-8C8B-B2D391722BDB}.Release|Any CPU.ActiveCfg = Release|Any CPU
		{E0F2E9A3-2920-4F6E-8C8B-B2D391722BDB}.Release|Any CPU.Build.0 = Release|Any CPU
		{874FB83C-2783-456C-9E2F-63D4F8CB8B41}.Debug|Any CPU.ActiveCfg = Debug|Any CPU
		{874FB83C-2783-456C-9E2F-63D4F8CB8B41}.Debug|Any CPU.Build.0 = Debug|Any CPU
		{874FB83C-2783-456C-9E2F-63D4F8CB8B41}.Release|Any CPU.ActiveCfg = Release|Any CPU
		{874FB83C-2783-456C-9E2F-63D4F8CB8B41}.Release|Any CPU.Build.0 = Release|Any CPU
		{5D1F5D57-25B6-4848-9835-D2C0DA56114D}.Debug|Any CPU.ActiveCfg = Debug|Any CPU
		{5D1F5D57-25B6-4848-9835-D2C0DA56114D}.Debug|Any CPU.Build.0 = Debug|Any CPU
		{5D1F5D57-25B6-4848-9835-D2C0DA56114D}.Release|Any CPU.ActiveCfg = Release|Any CPU
		{5D1F5D57-25B6-4848-9835-D2C0DA56114D}.Release|Any CPU.Build.0 = Release|Any CPU
		{3165FF07-C0C9-42C8-BCF0-9AF4A0FF621A}.Debug|Any CPU.ActiveCfg = Debug|Any CPU
		{3165FF07-C0C9-42C8-BCF0-9AF4A0FF621A}.Debug|Any CPU.Build.0 = Debug|Any CPU
		{3165FF07-C0C9-42C8-BCF0-9AF4A0FF621A}.Release|Any CPU.ActiveCfg = Release|Any CPU
		{3165FF07-C0C9-42C8-BCF0-9AF4A0FF621A}.Release|Any CPU.Build.0 = Release|Any CPU
		{D2F57F36-7B37-437E-B952-574BB4108D7E}.Debug|Any CPU.ActiveCfg = Debug|Any CPU
		{D2F57F36-7B37-437E-B952-574BB4108D7E}.Debug|Any CPU.Build.0 = Debug|Any CPU
		{D2F57F36-7B37-437E-B952-574BB4108D7E}.Release|Any CPU.ActiveCfg = Release|Any CPU
		{D2F57F36-7B37-437E-B952-574BB4108D7E}.Release|Any CPU.Build.0 = Release|Any CPU
		{59701E0C-6AF5-40C6-8D2E-EC30B2E7A9F6}.Debug|Any CPU.ActiveCfg = Debug|Any CPU
		{59701E0C-6AF5-40C6-8D2E-EC30B2E7A9F6}.Debug|Any CPU.Build.0 = Debug|Any CPU
		{59701E0C-6AF5-40C6-8D2E-EC30B2E7A9F6}.Release|Any CPU.ActiveCfg = Release|Any CPU
		{59701E0C-6AF5-40C6-8D2E-EC30B2E7A9F6}.Release|Any CPU.Build.0 = Release|Any CPU
		{7E1AC667-8876-443E-A20E-E94646469A24}.Debug|Any CPU.ActiveCfg = Debug|Any CPU
		{7E1AC667-8876-443E-A20E-E94646469A24}.Debug|Any CPU.Build.0 = Debug|Any CPU
		{7E1AC667-8876-443E-A20E-E94646469A24}.Release|Any CPU.ActiveCfg = Release|Any CPU
		{7E1AC667-8876-443E-A20E-E94646469A24}.Release|Any CPU.Build.0 = Release|Any CPU
		{652EEC98-AAD6-4DC5-8236-541947150905}.Debug|Any CPU.ActiveCfg = Debug|Any CPU
		{652EEC98-AAD6-4DC5-8236-541947150905}.Debug|Any CPU.Build.0 = Debug|Any CPU
		{652EEC98-AAD6-4DC5-8236-541947150905}.Release|Any CPU.ActiveCfg = Release|Any CPU
		{652EEC98-AAD6-4DC5-8236-541947150905}.Release|Any CPU.Build.0 = Release|Any CPU
		{4A05EC50-B1F3-47BC-9815-07389188DFE1}.Debug|Any CPU.ActiveCfg = Debug|Any CPU
		{4A05EC50-B1F3-47BC-9815-07389188DFE1}.Debug|Any CPU.Build.0 = Debug|Any CPU
		{4A05EC50-B1F3-47BC-9815-07389188DFE1}.Release|Any CPU.ActiveCfg = Release|Any CPU
		{4A05EC50-B1F3-47BC-9815-07389188DFE1}.Release|Any CPU.Build.0 = Release|Any CPU
		{3CA5BE53-E3B9-4663-859C-39D25BEFBABF}.Debug|Any CPU.ActiveCfg = Debug|Any CPU
		{3CA5BE53-E3B9-4663-859C-39D25BEFBABF}.Debug|Any CPU.Build.0 = Debug|Any CPU
		{3CA5BE53-E3B9-4663-859C-39D25BEFBABF}.Release|Any CPU.ActiveCfg = Release|Any CPU
		{3CA5BE53-E3B9-4663-859C-39D25BEFBABF}.Release|Any CPU.Build.0 = Release|Any CPU
		{DFE20725-3F1B-4476-A651-6CA2EB7C2EA3}.Debug|Any CPU.ActiveCfg = Debug|Any CPU
		{DFE20725-3F1B-4476-A651-6CA2EB7C2EA3}.Debug|Any CPU.Build.0 = Debug|Any CPU
		{DFE20725-3F1B-4476-A651-6CA2EB7C2EA3}.Release|Any CPU.ActiveCfg = Release|Any CPU
		{DFE20725-3F1B-4476-A651-6CA2EB7C2EA3}.Release|Any CPU.Build.0 = Release|Any CPU
		{15F87E03-8136-4A19-8E68-CCBFBDF80D85}.Debug|Any CPU.ActiveCfg = Debug|Any CPU
		{15F87E03-8136-4A19-8E68-CCBFBDF80D85}.Debug|Any CPU.Build.0 = Debug|Any CPU
		{15F87E03-8136-4A19-8E68-CCBFBDF80D85}.Release|Any CPU.ActiveCfg = Release|Any CPU
		{15F87E03-8136-4A19-8E68-CCBFBDF80D85}.Release|Any CPU.Build.0 = Release|Any CPU
		{2DFEBD5D-CA46-45F7-9AC4-F348124B5229}.Debug|Any CPU.ActiveCfg = Debug|Any CPU
		{2DFEBD5D-CA46-45F7-9AC4-F348124B5229}.Debug|Any CPU.Build.0 = Debug|Any CPU
		{2DFEBD5D-CA46-45F7-9AC4-F348124B5229}.Release|Any CPU.ActiveCfg = Release|Any CPU
		{2DFEBD5D-CA46-45F7-9AC4-F348124B5229}.Release|Any CPU.Build.0 = Release|Any CPU
		{7512ED0B-C494-4E71-8D48-B591014464A8}.Debug|Any CPU.ActiveCfg = Debug|Any CPU
		{7512ED0B-C494-4E71-8D48-B591014464A8}.Debug|Any CPU.Build.0 = Debug|Any CPU
		{7512ED0B-C494-4E71-8D48-B591014464A8}.Release|Any CPU.ActiveCfg = Release|Any CPU
		{7512ED0B-C494-4E71-8D48-B591014464A8}.Release|Any CPU.Build.0 = Release|Any CPU
		{E586896F-F8BB-4966-A1B1-04DACE789894}.Debug|Any CPU.ActiveCfg = Debug|Any CPU
		{E586896F-F8BB-4966-A1B1-04DACE789894}.Debug|Any CPU.Build.0 = Debug|Any CPU
		{E586896F-F8BB-4966-A1B1-04DACE789894}.Release|Any CPU.ActiveCfg = Release|Any CPU
		{E586896F-F8BB-4966-A1B1-04DACE789894}.Release|Any CPU.Build.0 = Release|Any CPU
		{4AB98B16-EDAA-45B6-8E46-70D812D3F99F}.Debug|Any CPU.ActiveCfg = Debug|Any CPU
		{4AB98B16-EDAA-45B6-8E46-70D812D3F99F}.Debug|Any CPU.Build.0 = Debug|Any CPU
		{4AB98B16-EDAA-45B6-8E46-70D812D3F99F}.Release|Any CPU.ActiveCfg = Release|Any CPU
		{4AB98B16-EDAA-45B6-8E46-70D812D3F99F}.Release|Any CPU.Build.0 = Release|Any CPU
		{CC224535-C740-4E76-AA44-DD8D4934C0D1}.Debug|Any CPU.ActiveCfg = Debug|Any CPU
		{CC224535-C740-4E76-AA44-DD8D4934C0D1}.Debug|Any CPU.Build.0 = Debug|Any CPU
		{CC224535-C740-4E76-AA44-DD8D4934C0D1}.Release|Any CPU.ActiveCfg = Release|Any CPU
		{CC224535-C740-4E76-AA44-DD8D4934C0D1}.Release|Any CPU.Build.0 = Release|Any CPU
		{800A2550-BC99-4FD5-99AD-9DCD2EB28154}.Debug|Any CPU.ActiveCfg = Debug|Any CPU
		{800A2550-BC99-4FD5-99AD-9DCD2EB28154}.Debug|Any CPU.Build.0 = Debug|Any CPU
		{800A2550-BC99-4FD5-99AD-9DCD2EB28154}.Release|Any CPU.ActiveCfg = Release|Any CPU
		{800A2550-BC99-4FD5-99AD-9DCD2EB28154}.Release|Any CPU.Build.0 = Release|Any CPU
		{E2DE8C8A-3226-478C-80BC-C21EA0F28D16}.Debug|Any CPU.ActiveCfg = Debug|Any CPU
		{E2DE8C8A-3226-478C-80BC-C21EA0F28D16}.Debug|Any CPU.Build.0 = Debug|Any CPU
		{E2DE8C8A-3226-478C-80BC-C21EA0F28D16}.Release|Any CPU.ActiveCfg = Release|Any CPU
		{E2DE8C8A-3226-478C-80BC-C21EA0F28D16}.Release|Any CPU.Build.0 = Release|Any CPU
	EndGlobalSection
	GlobalSection(SolutionProperties) = preSolution
		HideSolutionNode = FALSE
	EndGlobalSection
	GlobalSection(ExtensibilityGlobals) = postSolution
		SolutionGuid = {60D236F3-AF12-47CA-B5AA-BD83B30FA737}
	EndGlobalSection
EndGlobal
