
Microsoft Visual Studio Solution File, Format Version 12.00
# Visual Studio Version 17
VisualStudioVersion = 17.4.33213.308
MinimumVisualStudioVersion = 10.0.40219.1
Project("{2150E333-8FDC-42A3-9474-1A3956D46DE8}") = "Data types", "Data types", "{5C58D9F3-F4C3-47F3-AC82-0746A2FAB64E}"
EndProject
Project("{9A19103F-16F7-4668-BE54-9A1E7A4F7556}") = "DividingIntegers", "Data types\DividingIntegers\DividingIntegers.csproj", "{2BE908D9-1A15-4DCF-B054-B0A7F86DEFDC}"
EndProject
Project("{9A19103F-16F7-4668-BE54-9A1E7A4F7556}") = "SpecialNumbers", "Data types\SpecialNumbers\SpecialNumbers.csproj", "{6D374E5B-01B2-453F-B8DD-F92FF4F7C6A0}"
EndProject
Project("{9A19103F-16F7-4668-BE54-9A1E7A4F7556}") = "WaterOverflow", "Data types\WaterOverflow\WaterOverflow.csproj", "{3038BF82-D17F-4239-943C-B196BDBE8F18}"
EndProject
Project("{9A19103F-16F7-4668-BE54-9A1E7A4F7556}") = "TourInfo", "Data types\TourInfo\TourInfo.csproj", "{574B6841-FF85-4F42-95DA-0809B95241BF}"
EndProject
Project("{9A19103F-16F7-4668-BE54-9A1E7A4F7556}") = "SpeedConvertor", "Data types\SpeedConvertor\SpeedConvertor.csproj", "{9E933304-D11E-494C-A178-B575A7600C4E}"
EndProject
Project("{9A19103F-16F7-4668-BE54-9A1E7A4F7556}") = "PyramidVolume", "Data types\PyramidVolume\PyramidVolume.csproj", "{8D2F2A84-404A-4941-93BB-15E7FE08A314}"
EndProject
Project("{9A19103F-16F7-4668-BE54-9A1E7A4F7556}") = "CatchTheThief", "Data types\CatchTheThief\CatchTheThief.csproj", "{974C2B83-3352-4EE6-98EA-06E3A5C80B6C}"
EndProject
Project("{9A19103F-16F7-4668-BE54-9A1E7A4F7556}") = "CenturiesToMinutes", "Data types\CenturiesToMinutes\CenturiesToMinutes.csproj", "{6ECE5138-9213-4878-9A1A-7A306AA75732}"
EndProject
Project("{9A19103F-16F7-4668-BE54-9A1E7A4F7556}") = "Integers", "Data types\Integers\Integers.csproj", "{33FC296C-640C-457B-AE00-1A4BD777FED0}"
EndProject
Project("{9A19103F-16F7-4668-BE54-9A1E7A4F7556}") = "HexadecimalVariable", "Data types\HexadecimalVariable\HexadecimalVariable.csproj", "{3E1A2803-CF10-4151-BDA2-49F00D15F72D}"
EndProject
Project("{9A19103F-16F7-4668-BE54-9A1E7A4F7556}") = "SwapValues", "Data types\SwapValues\SwapValues.csproj", "{7DB8F2CE-A8EA-4E42-A69F-FE19A556DFB0}"
EndProject
Project("{9A19103F-16F7-4668-BE54-9A1E7A4F7556}") = "ConvertToHexadecimalAndBinary", "Data types\ConvertToHexadecimalAndBinary\ConvertToHexadecimalAndBinary.csproj", "{825BF822-1D40-4738-B451-2F7E7BFDCFB4}"
EndProject
Project("{9A19103F-16F7-4668-BE54-9A1E7A4F7556}") = "RealNumbers", "Data types\RealNumbers\RealNumbers.csproj", "{C918B640-2568-4B4C-B24E-CB90D9E419AD}"
EndProject
Project("{9A19103F-16F7-4668-BE54-9A1E7A4F7556}") = "CircleArea", "Data types\CircleArea\CircleArea.csproj", "{874353AD-7964-41EC-B126-25056DAD6873}"
EndProject
Project("{9A19103F-16F7-4668-BE54-9A1E7A4F7556}") = "AccurateDecimalSum", "Data types\AccurateDecimalSum\AccurateDecimalSum.csproj", "{8701B04E-E2C6-4E01-A154-8DC070FE6B8A}"
EndProject
Project("{9A19103F-16F7-4668-BE54-9A1E7A4F7556}") = "Rectangle", "Data types\Rectangle\Rectangle.csproj", "{245CDDFE-7A44-4B24-8214-8A15A3F95CB8}"
EndProject
Project("{9A19103F-16F7-4668-BE54-9A1E7A4F7556}") = "Elevator", "Data types\Elevator\Elevator.csproj", "{FA06FCC0-3102-457E-A487-24F6B997FCC6}"
EndProject
Project("{9A19103F-16F7-4668-BE54-9A1E7A4F7556}") = "BooleanVariable", "Data types\BooleanVariable\BooleanVariable.csproj", "{61411515-8767-4BB3-A043-233DEC1923D3}"
EndProject
Project("{9A19103F-16F7-4668-BE54-9A1E7A4F7556}") = "TrippleLetters", "Data types\TrippleLetters\TrippleLetters.csproj", "{7511088E-B451-4684-A5F5-A55643F559FF}"
EndProject
Project("{9A19103F-16F7-4668-BE54-9A1E7A4F7556}") = "Greeting", "Data types\Greeting\Greeting.csproj", "{16FD0D69-CD1B-4703-9CFD-3933972C5736}"
EndProject
Project("{9A19103F-16F7-4668-BE54-9A1E7A4F7556}") = "StringAndCharacterVariables", "Data types\StringAndCharacterVariables\StringAndCharacterVariables.csproj", "{8487B04D-B692-4480-8CD7-1A10CC086A25}"
EndProject
Project("{9A19103F-16F7-4668-BE54-9A1E7A4F7556}") = "StringAndObjectVariables", "Data types\StringAndObjectVariables\StringAndObjectVariables.csproj", "{EDA12C1B-7A83-4754-8089-518819F2AD51}"
EndProject
Project("{9A19103F-16F7-4668-BE54-9A1E7A4F7556}") = "ReversedCharacters", "Data types\ReversedCharacters\ReversedCharacters.csproj", "{40C4FBAB-44D7-49A2-A2BF-9C31A05648B3}"
EndProject
Project("{9A19103F-16F7-4668-BE54-9A1E7A4F7556}") = "EmployeeData", "Data types\EmployeeData\EmployeeData.csproj", "{C575DC27-E2E2-4D29-BE5F-0E51300B2DF6}"
EndProject
Project("{9A19103F-16F7-4668-BE54-9A1E7A4F7556}") = "TypeRanges", "Data types\TypeRanges\TypeRanges.csproj", "{89BC4B34-05F1-41E7-A184-882599DEE448}"
EndProject
Project("{9A19103F-16F7-4668-BE54-9A1E7A4F7556}") = "NumberCheck", "Data types\NumberCheck\NumberCheck.csproj", "{9BA114F0-EC17-4F24-B81B-D8E524A4E962}"
EndProject
Project("{9A19103F-16F7-4668-BE54-9A1E7A4F7556}") = "WeatherForecast", "Data types\WeatherForecast\WeatherForecast.csproj", "{4A6C0080-3F6C-4976-B471-A502F6CEEE9F}"
EndProject
Project("{9A19103F-16F7-4668-BE54-9A1E7A4F7556}") = "Builder", "Data types\Builder\Builder.csproj", "{1AB175A5-65AC-4CEF-8BDB-63739C2EFD9D}"
EndProject
Project("{9A19103F-16F7-4668-BE54-9A1E7A4F7556}") = "SentenceTheThief", "Data types\SentenceTheThief\SentenceTheThief.csproj", "{BA75D4D6-3842-46FE-AEEC-DAD81F77F0C3}"
EndProject
Project("{9A19103F-16F7-4668-BE54-9A1E7A4F7556}") = "CreatingWords", "Data types\CreatingWords\CreatingWords.csproj", "{E3006E0F-8D7F-4CF1-8970-3AE2DB827752}"
EndProject
Project("{9A19103F-16F7-4668-BE54-9A1E7A4F7556}") = "SumOfCharacters", "Data types\SumOfCharacters\SumOfCharacters.csproj", "{D03FF529-8C53-46D3-A6FB-94C8CE19A748}"
EndProject
Project("{9A19103F-16F7-4668-BE54-9A1E7A4F7556}") = "StringConcatenation", "Data types\StringConcatenation\StringConcatenation.csproj", "{7318B70E-170E-4FA6-8B92-8F4D3F1BB7B6}"
EndProject
Project("{2150E333-8FDC-42A3-9474-1A3956D46DE8}") = "Arrays", "Arrays", "{9511697E-47E8-46BF-9E52-D1D1EAD9AE72}"
EndProject
Project("{9A19103F-16F7-4668-BE54-9A1E7A4F7556}") = "ArrayStatistics", "Arrays\ArrayStatistics\ArrayStatistics.csproj", "{184D066E-7266-4BF8-828B-A22C03E21B8C}"
EndProject
Project("{9A19103F-16F7-4668-BE54-9A1E7A4F7556}") = "RotateAndSum", "Arrays\RotateAndSum\RotateAndSum.csproj", "{42A8001A-7914-4D96-80E1-4A0DB0DAE5D3}"
EndProject
Project("{9A19103F-16F7-4668-BE54-9A1E7A4F7556}") = "OperationsOverArray", "Arrays\OperationsOverArray\OperationsOverArray.csproj", "{A7EAB836-E80B-4C52-99F9-ED8D2129412E}"
EndProject
Project("{9A19103F-16F7-4668-BE54-9A1E7A4F7556}") = "Warehouse", "Arrays\Warehouse\Warehouse.csproj", "{8CF9024A-58DD-4EA8-9728-79A66045A315}"
EndProject
Project("{9A19103F-16F7-4668-BE54-9A1E7A4F7556}") = "SortNumbers", "Arrays\SortNumbers\SortNumbers.csproj", "{3B3C1DD9-4140-43AA-A77E-866E69C70425}"
EndProject
Project("{9A19103F-16F7-4668-BE54-9A1E7A4F7556}") = "SquareNumbers", "Arrays\SquareNumbers\SquareNumbers.csproj", "{4E024BFC-B7BC-4186-AAA3-8BE675585BE6}"
EndProject
Project("{2150E333-8FDC-42A3-9474-1A3956D46DE8}") = "Lists", "Lists", "{B18F4866-9293-4C14-AF21-1D6C3AD164FA}"
EndProject
Project("{9A19103F-16F7-4668-BE54-9A1E7A4F7556}") = "ListOfTwoNames", "Lists\ListOfTwoNames\ListOfTwoNames.csproj", "{4FB91414-851A-4ABA-BA74-431FAFC356BC}"
EndProject
Project("{9A19103F-16F7-4668-BE54-9A1E7A4F7556}") = "ListOfEvenNumbers", "Lists\ListOfEvenNumbers\ListOfEvenNumbers.csproj", "{99D5E6AF-F88E-424E-80E1-7B009A474D5F}"
EndProject
Project("{9A19103F-16F7-4668-BE54-9A1E7A4F7556}") = "ListOfMinMax", "Lists\ListOfMinMax\ListOfMinMax.csproj", "{C6412497-1D66-421E-855A-8D00230CEEFA}"
EndProject
Project("{9A19103F-16F7-4668-BE54-9A1E7A4F7556}") = "RemoveTheNumber", "Lists\RemoveTheNumber\RemoveTheNumber.csproj", "{04F3AE52-2BD7-4DAE-8577-6122D1AE9F74}"
EndProject
Project("{9A19103F-16F7-4668-BE54-9A1E7A4F7556}") = "MergeLists", "Lists\MergeLists\MergeLists.csproj", "{80D59332-3953-4444-8083-F99FEEBB35D0}"
EndProject
Project("{9A19103F-16F7-4668-BE54-9A1E7A4F7556}") = "FoldAndSum", "Arrays\FoldAndSum\FoldAndSum.csproj", "{4A6EB9B2-7C25-4BD8-BD98-90C8D7EE6BF1}"
EndProject
Project("{9A19103F-16F7-4668-BE54-9A1E7A4F7556}") = "RemoveBenchmark", "Lists\RemoveBenchmark\RemoveBenchmark.csproj", "{7E121A71-924D-45D9-8689-EAB1A62DB990}"
EndProject
Project("{9A19103F-16F7-4668-BE54-9A1E7A4F7556}") = "CapacityBenchmark", "Lists\CapacityBenchmark\CapacityBenchmark.csproj", "{65F202CF-9219-4D30-B2AE-20A0F5D7F081}"
EndProject
Project("{2150E333-8FDC-42A3-9474-1A3956D46DE8}") = "Debugging", "Debugging", "{01C5F210-4534-4BD1-97AC-D6A654B839C6}"
EndProject
Project("{9A19103F-16F7-4668-BE54-9A1E7A4F7556}") = "HolidaysBetweenTwoDates", "Debugging\HolidaysBetweenTwoDates\HolidaysBetweenTwoDates.csproj", "{4E99AD4E-D560-4F74-829E-4473DBC0D5A5}"
EndProject
Project("{9A19103F-16F7-4668-BE54-9A1E7A4F7556}") = "PriceChangeAlert", "Debugging\PriceChangeAlert\PriceChangeAlert.csproj", "{6F7148E9-3EF0-415D-94AD-5B21B257CD54}"
EndProject
Project("{2150E333-8FDC-42A3-9474-1A3956D46DE8}") = "String processing", "String processing", "{7C0EAAB1-1F2F-4E7D-B2BB-BD7F4035EDBA}"
EndProject
Project("{9A19103F-16F7-4668-BE54-9A1E7A4F7556}") = "CountSubstringOccurrences", "String processing\CountSubstringOccurrences\CountSubstringOccurrences.csproj", "{0A47AB73-A5DF-462D-96C3-738321586610}"
EndProject
Project("{9A19103F-16F7-4668-BE54-9A1E7A4F7556}") = "Censorship", "String processing\Censorship\Censorship.csproj", "{B96E4D17-7FAA-43F1-A438-839790E873AF}"
EndProject
Project("{9A19103F-16F7-4668-BE54-9A1E7A4F7556}") = "ConvertToAnotherNumberSystem", "String processing\ConvertToAnotherNumberSystem\ConvertToAnotherNumberSystem.csproj", "{B2C3AEFF-F032-42CF-969C-816F326FE6E4}"
EndProject
Project("{9A19103F-16F7-4668-BE54-9A1E7A4F7556}") = "ConvertToDecimal", "String processing\ConvertToDecimal\ConvertToDecimal.csproj", "{0BDCAB2D-0E7F-4B05-85B0-28CF2AAF4E49}"
EndProject
Project("{9A19103F-16F7-4668-BE54-9A1E7A4F7556}") = "MultiplyStrings", "String processing\MultiplyStrings\MultiplyStrings.csproj", "{E5049AE5-88F3-4641-9263-CDBDA42DD19C}"
EndProject
Project("{9A19103F-16F7-4668-BE54-9A1E7A4F7556}") = "OnlyLetters", "String processing\OnlyLetters\OnlyLetters.csproj", "{A40B9CBB-9B8F-4A7D-946C-706E531A9335}"
EndProject
Project("{9A19103F-16F7-4668-BE54-9A1E7A4F7556}") = "RobotMovement", "String processing\RobotMovement\RobotMovement.csproj", "{E0CC5966-0163-4287-87F2-73356A9AD1B0}"
EndProject
Project("{9A19103F-16F7-4668-BE54-9A1E7A4F7556}") = "SendMeAnEmail", "String processing\SendMeAnEmail\SendMeAnEmail.csproj", "{681B9010-F882-4E61-971F-8E295654B2AD}"
EndProject
Project("{9A19103F-16F7-4668-BE54-9A1E7A4F7556}") = "Hideout", "String processing\Hideout\Hideout.csproj", "{22970544-109E-4921-8ED5-6B6FF7137201}"
EndProject
Project("{FAE04EC0-301F-11D3-BF4B-00C04F79EFBC}") = "ListsPlayground", "Lists\ListsPlayground\ListsPlayground.csproj", "{BE8DCE58-3B87-46CB-A310-8FAE9907DD40}"
EndProject
Project("{FAE04EC0-301F-11D3-BF4B-00C04F79EFBC}") = "ConcatBenchmark", "String processing\ConcatBenchmark\ConcatBenchmark.csproj", "{7468777B-207B-49C9-AC0D-1268FA7EE92F}"
EndProject
Global
	GlobalSection(SolutionConfigurationPlatforms) = preSolution
		Debug|Any CPU = Debug|Any CPU
		Release|Any CPU = Release|Any CPU
	EndGlobalSection
	GlobalSection(ProjectConfigurationPlatforms) = postSolution
		{2BE908D9-1A15-4DCF-B054-B0A7F86DEFDC}.Debug|Any CPU.ActiveCfg = Debug|Any CPU
		{2BE908D9-1A15-4DCF-B054-B0A7F86DEFDC}.Debug|Any CPU.Build.0 = Debug|Any CPU
		{2BE908D9-1A15-4DCF-B054-B0A7F86DEFDC}.Release|Any CPU.ActiveCfg = Release|Any CPU
		{2BE908D9-1A15-4DCF-B054-B0A7F86DEFDC}.Release|Any CPU.Build.0 = Release|Any CPU
		{6D374E5B-01B2-453F-B8DD-F92FF4F7C6A0}.Debug|Any CPU.ActiveCfg = Debug|Any CPU
		{6D374E5B-01B2-453F-B8DD-F92FF4F7C6A0}.Debug|Any CPU.Build.0 = Debug|Any CPU
		{6D374E5B-01B2-453F-B8DD-F92FF4F7C6A0}.Release|Any CPU.ActiveCfg = Release|Any CPU
		{6D374E5B-01B2-453F-B8DD-F92FF4F7C6A0}.Release|Any CPU.Build.0 = Release|Any CPU
		{3038BF82-D17F-4239-943C-B196BDBE8F18}.Debug|Any CPU.ActiveCfg = Debug|Any CPU
		{3038BF82-D17F-4239-943C-B196BDBE8F18}.Debug|Any CPU.Build.0 = Debug|Any CPU
		{3038BF82-D17F-4239-943C-B196BDBE8F18}.Release|Any CPU.ActiveCfg = Release|Any CPU
		{3038BF82-D17F-4239-943C-B196BDBE8F18}.Release|Any CPU.Build.0 = Release|Any CPU
		{574B6841-FF85-4F42-95DA-0809B95241BF}.Debug|Any CPU.ActiveCfg = Debug|Any CPU
		{574B6841-FF85-4F42-95DA-0809B95241BF}.Debug|Any CPU.Build.0 = Debug|Any CPU
		{574B6841-FF85-4F42-95DA-0809B95241BF}.Release|Any CPU.ActiveCfg = Release|Any CPU
		{574B6841-FF85-4F42-95DA-0809B95241BF}.Release|Any CPU.Build.0 = Release|Any CPU
		{9E933304-D11E-494C-A178-B575A7600C4E}.Debug|Any CPU.ActiveCfg = Debug|Any CPU
		{9E933304-D11E-494C-A178-B575A7600C4E}.Debug|Any CPU.Build.0 = Debug|Any CPU
		{9E933304-D11E-494C-A178-B575A7600C4E}.Release|Any CPU.ActiveCfg = Release|Any CPU
		{9E933304-D11E-494C-A178-B575A7600C4E}.Release|Any CPU.Build.0 = Release|Any CPU
		{8D2F2A84-404A-4941-93BB-15E7FE08A314}.Debug|Any CPU.ActiveCfg = Debug|Any CPU
		{8D2F2A84-404A-4941-93BB-15E7FE08A314}.Debug|Any CPU.Build.0 = Debug|Any CPU
		{8D2F2A84-404A-4941-93BB-15E7FE08A314}.Release|Any CPU.ActiveCfg = Release|Any CPU
		{8D2F2A84-404A-4941-93BB-15E7FE08A314}.Release|Any CPU.Build.0 = Release|Any CPU
		{974C2B83-3352-4EE6-98EA-06E3A5C80B6C}.Debug|Any CPU.ActiveCfg = Debug|Any CPU
		{974C2B83-3352-4EE6-98EA-06E3A5C80B6C}.Debug|Any CPU.Build.0 = Debug|Any CPU
		{974C2B83-3352-4EE6-98EA-06E3A5C80B6C}.Release|Any CPU.ActiveCfg = Release|Any CPU
		{974C2B83-3352-4EE6-98EA-06E3A5C80B6C}.Release|Any CPU.Build.0 = Release|Any CPU
		{6ECE5138-9213-4878-9A1A-7A306AA75732}.Debug|Any CPU.ActiveCfg = Debug|Any CPU
		{6ECE5138-9213-4878-9A1A-7A306AA75732}.Debug|Any CPU.Build.0 = Debug|Any CPU
		{6ECE5138-9213-4878-9A1A-7A306AA75732}.Release|Any CPU.ActiveCfg = Release|Any CPU
		{6ECE5138-9213-4878-9A1A-7A306AA75732}.Release|Any CPU.Build.0 = Release|Any CPU
		{33FC296C-640C-457B-AE00-1A4BD777FED0}.Debug|Any CPU.ActiveCfg = Debug|Any CPU
		{33FC296C-640C-457B-AE00-1A4BD777FED0}.Debug|Any CPU.Build.0 = Debug|Any CPU
		{33FC296C-640C-457B-AE00-1A4BD777FED0}.Release|Any CPU.ActiveCfg = Release|Any CPU
		{33FC296C-640C-457B-AE00-1A4BD777FED0}.Release|Any CPU.Build.0 = Release|Any CPU
		{3E1A2803-CF10-4151-BDA2-49F00D15F72D}.Debug|Any CPU.ActiveCfg = Debug|Any CPU
		{3E1A2803-CF10-4151-BDA2-49F00D15F72D}.Debug|Any CPU.Build.0 = Debug|Any CPU
		{3E1A2803-CF10-4151-BDA2-49F00D15F72D}.Release|Any CPU.ActiveCfg = Release|Any CPU
		{3E1A2803-CF10-4151-BDA2-49F00D15F72D}.Release|Any CPU.Build.0 = Release|Any CPU
		{7DB8F2CE-A8EA-4E42-A69F-FE19A556DFB0}.Debug|Any CPU.ActiveCfg = Debug|Any CPU
		{7DB8F2CE-A8EA-4E42-A69F-FE19A556DFB0}.Debug|Any CPU.Build.0 = Debug|Any CPU
		{7DB8F2CE-A8EA-4E42-A69F-FE19A556DFB0}.Release|Any CPU.ActiveCfg = Release|Any CPU
		{7DB8F2CE-A8EA-4E42-A69F-FE19A556DFB0}.Release|Any CPU.Build.0 = Release|Any CPU
		{825BF822-1D40-4738-B451-2F7E7BFDCFB4}.Debug|Any CPU.ActiveCfg = Debug|Any CPU
		{825BF822-1D40-4738-B451-2F7E7BFDCFB4}.Debug|Any CPU.Build.0 = Debug|Any CPU
		{825BF822-1D40-4738-B451-2F7E7BFDCFB4}.Release|Any CPU.ActiveCfg = Release|Any CPU
		{825BF822-1D40-4738-B451-2F7E7BFDCFB4}.Release|Any CPU.Build.0 = Release|Any CPU
		{C918B640-2568-4B4C-B24E-CB90D9E419AD}.Debug|Any CPU.ActiveCfg = Debug|Any CPU
		{C918B640-2568-4B4C-B24E-CB90D9E419AD}.Debug|Any CPU.Build.0 = Debug|Any CPU
		{C918B640-2568-4B4C-B24E-CB90D9E419AD}.Release|Any CPU.ActiveCfg = Release|Any CPU
		{C918B640-2568-4B4C-B24E-CB90D9E419AD}.Release|Any CPU.Build.0 = Release|Any CPU
		{874353AD-7964-41EC-B126-25056DAD6873}.Debug|Any CPU.ActiveCfg = Debug|Any CPU
		{874353AD-7964-41EC-B126-25056DAD6873}.Debug|Any CPU.Build.0 = Debug|Any CPU
		{874353AD-7964-41EC-B126-25056DAD6873}.Release|Any CPU.ActiveCfg = Release|Any CPU
		{874353AD-7964-41EC-B126-25056DAD6873}.Release|Any CPU.Build.0 = Release|Any CPU
		{8701B04E-E2C6-4E01-A154-8DC070FE6B8A}.Debug|Any CPU.ActiveCfg = Debug|Any CPU
		{8701B04E-E2C6-4E01-A154-8DC070FE6B8A}.Debug|Any CPU.Build.0 = Debug|Any CPU
		{8701B04E-E2C6-4E01-A154-8DC070FE6B8A}.Release|Any CPU.ActiveCfg = Release|Any CPU
		{8701B04E-E2C6-4E01-A154-8DC070FE6B8A}.Release|Any CPU.Build.0 = Release|Any CPU
		{245CDDFE-7A44-4B24-8214-8A15A3F95CB8}.Debug|Any CPU.ActiveCfg = Debug|Any CPU
		{245CDDFE-7A44-4B24-8214-8A15A3F95CB8}.Debug|Any CPU.Build.0 = Debug|Any CPU
		{245CDDFE-7A44-4B24-8214-8A15A3F95CB8}.Release|Any CPU.ActiveCfg = Release|Any CPU
		{245CDDFE-7A44-4B24-8214-8A15A3F95CB8}.Release|Any CPU.Build.0 = Release|Any CPU
		{FA06FCC0-3102-457E-A487-24F6B997FCC6}.Debug|Any CPU.ActiveCfg = Debug|Any CPU
		{FA06FCC0-3102-457E-A487-24F6B997FCC6}.Debug|Any CPU.Build.0 = Debug|Any CPU
		{FA06FCC0-3102-457E-A487-24F6B997FCC6}.Release|Any CPU.ActiveCfg = Release|Any CPU
		{FA06FCC0-3102-457E-A487-24F6B997FCC6}.Release|Any CPU.Build.0 = Release|Any CPU
		{61411515-8767-4BB3-A043-233DEC1923D3}.Debug|Any CPU.ActiveCfg = Debug|Any CPU
		{61411515-8767-4BB3-A043-233DEC1923D3}.Debug|Any CPU.Build.0 = Debug|Any CPU
		{61411515-8767-4BB3-A043-233DEC1923D3}.Release|Any CPU.ActiveCfg = Release|Any CPU
		{61411515-8767-4BB3-A043-233DEC1923D3}.Release|Any CPU.Build.0 = Release|Any CPU
		{7511088E-B451-4684-A5F5-A55643F559FF}.Debug|Any CPU.ActiveCfg = Debug|Any CPU
		{7511088E-B451-4684-A5F5-A55643F559FF}.Debug|Any CPU.Build.0 = Debug|Any CPU
		{7511088E-B451-4684-A5F5-A55643F559FF}.Release|Any CPU.ActiveCfg = Release|Any CPU
		{7511088E-B451-4684-A5F5-A55643F559FF}.Release|Any CPU.Build.0 = Release|Any CPU
		{16FD0D69-CD1B-4703-9CFD-3933972C5736}.Debug|Any CPU.ActiveCfg = Debug|Any CPU
		{16FD0D69-CD1B-4703-9CFD-3933972C5736}.Debug|Any CPU.Build.0 = Debug|Any CPU
		{16FD0D69-CD1B-4703-9CFD-3933972C5736}.Release|Any CPU.ActiveCfg = Release|Any CPU
		{16FD0D69-CD1B-4703-9CFD-3933972C5736}.Release|Any CPU.Build.0 = Release|Any CPU
		{8487B04D-B692-4480-8CD7-1A10CC086A25}.Debug|Any CPU.ActiveCfg = Debug|Any CPU
		{8487B04D-B692-4480-8CD7-1A10CC086A25}.Debug|Any CPU.Build.0 = Debug|Any CPU
		{8487B04D-B692-4480-8CD7-1A10CC086A25}.Release|Any CPU.ActiveCfg = Release|Any CPU
		{8487B04D-B692-4480-8CD7-1A10CC086A25}.Release|Any CPU.Build.0 = Release|Any CPU
		{EDA12C1B-7A83-4754-8089-518819F2AD51}.Debug|Any CPU.ActiveCfg = Debug|Any CPU
		{EDA12C1B-7A83-4754-8089-518819F2AD51}.Debug|Any CPU.Build.0 = Debug|Any CPU
		{EDA12C1B-7A83-4754-8089-518819F2AD51}.Release|Any CPU.ActiveCfg = Release|Any CPU
		{EDA12C1B-7A83-4754-8089-518819F2AD51}.Release|Any CPU.Build.0 = Release|Any CPU
		{40C4FBAB-44D7-49A2-A2BF-9C31A05648B3}.Debug|Any CPU.ActiveCfg = Debug|Any CPU
		{40C4FBAB-44D7-49A2-A2BF-9C31A05648B3}.Debug|Any CPU.Build.0 = Debug|Any CPU
		{40C4FBAB-44D7-49A2-A2BF-9C31A05648B3}.Release|Any CPU.ActiveCfg = Release|Any CPU
		{40C4FBAB-44D7-49A2-A2BF-9C31A05648B3}.Release|Any CPU.Build.0 = Release|Any CPU
		{C575DC27-E2E2-4D29-BE5F-0E51300B2DF6}.Debug|Any CPU.ActiveCfg = Debug|Any CPU
		{C575DC27-E2E2-4D29-BE5F-0E51300B2DF6}.Debug|Any CPU.Build.0 = Debug|Any CPU
		{C575DC27-E2E2-4D29-BE5F-0E51300B2DF6}.Release|Any CPU.ActiveCfg = Release|Any CPU
		{C575DC27-E2E2-4D29-BE5F-0E51300B2DF6}.Release|Any CPU.Build.0 = Release|Any CPU
		{89BC4B34-05F1-41E7-A184-882599DEE448}.Debug|Any CPU.ActiveCfg = Debug|Any CPU
		{89BC4B34-05F1-41E7-A184-882599DEE448}.Debug|Any CPU.Build.0 = Debug|Any CPU
		{89BC4B34-05F1-41E7-A184-882599DEE448}.Release|Any CPU.ActiveCfg = Release|Any CPU
		{89BC4B34-05F1-41E7-A184-882599DEE448}.Release|Any CPU.Build.0 = Release|Any CPU
		{9BA114F0-EC17-4F24-B81B-D8E524A4E962}.Debug|Any CPU.ActiveCfg = Debug|Any CPU
		{9BA114F0-EC17-4F24-B81B-D8E524A4E962}.Debug|Any CPU.Build.0 = Debug|Any CPU
		{9BA114F0-EC17-4F24-B81B-D8E524A4E962}.Release|Any CPU.ActiveCfg = Release|Any CPU
		{9BA114F0-EC17-4F24-B81B-D8E524A4E962}.Release|Any CPU.Build.0 = Release|Any CPU
		{4A6C0080-3F6C-4976-B471-A502F6CEEE9F}.Debug|Any CPU.ActiveCfg = Debug|Any CPU
		{4A6C0080-3F6C-4976-B471-A502F6CEEE9F}.Debug|Any CPU.Build.0 = Debug|Any CPU
		{4A6C0080-3F6C-4976-B471-A502F6CEEE9F}.Release|Any CPU.ActiveCfg = Release|Any CPU
		{4A6C0080-3F6C-4976-B471-A502F6CEEE9F}.Release|Any CPU.Build.0 = Release|Any CPU
		{1AB175A5-65AC-4CEF-8BDB-63739C2EFD9D}.Debug|Any CPU.ActiveCfg = Debug|Any CPU
		{1AB175A5-65AC-4CEF-8BDB-63739C2EFD9D}.Debug|Any CPU.Build.0 = Debug|Any CPU
		{1AB175A5-65AC-4CEF-8BDB-63739C2EFD9D}.Release|Any CPU.ActiveCfg = Release|Any CPU
		{1AB175A5-65AC-4CEF-8BDB-63739C2EFD9D}.Release|Any CPU.Build.0 = Release|Any CPU
		{BA75D4D6-3842-46FE-AEEC-DAD81F77F0C3}.Debug|Any CPU.ActiveCfg = Debug|Any CPU
		{BA75D4D6-3842-46FE-AEEC-DAD81F77F0C3}.Debug|Any CPU.Build.0 = Debug|Any CPU
		{BA75D4D6-3842-46FE-AEEC-DAD81F77F0C3}.Release|Any CPU.ActiveCfg = Release|Any CPU
		{BA75D4D6-3842-46FE-AEEC-DAD81F77F0C3}.Release|Any CPU.Build.0 = Release|Any CPU
		{E3006E0F-8D7F-4CF1-8970-3AE2DB827752}.Debug|Any CPU.ActiveCfg = Debug|Any CPU
		{E3006E0F-8D7F-4CF1-8970-3AE2DB827752}.Debug|Any CPU.Build.0 = Debug|Any CPU
		{E3006E0F-8D7F-4CF1-8970-3AE2DB827752}.Release|Any CPU.ActiveCfg = Release|Any CPU
		{E3006E0F-8D7F-4CF1-8970-3AE2DB827752}.Release|Any CPU.Build.0 = Release|Any CPU
		{D03FF529-8C53-46D3-A6FB-94C8CE19A748}.Debug|Any CPU.ActiveCfg = Debug|Any CPU
		{D03FF529-8C53-46D3-A6FB-94C8CE19A748}.Debug|Any CPU.Build.0 = Debug|Any CPU
		{D03FF529-8C53-46D3-A6FB-94C8CE19A748}.Release|Any CPU.ActiveCfg = Release|Any CPU
		{D03FF529-8C53-46D3-A6FB-94C8CE19A748}.Release|Any CPU.Build.0 = Release|Any CPU
		{7318B70E-170E-4FA6-8B92-8F4D3F1BB7B6}.Debug|Any CPU.ActiveCfg = Debug|Any CPU
		{7318B70E-170E-4FA6-8B92-8F4D3F1BB7B6}.Debug|Any CPU.Build.0 = Debug|Any CPU
		{7318B70E-170E-4FA6-8B92-8F4D3F1BB7B6}.Release|Any CPU.ActiveCfg = Release|Any CPU
		{7318B70E-170E-4FA6-8B92-8F4D3F1BB7B6}.Release|Any CPU.Build.0 = Release|Any CPU
		{184D066E-7266-4BF8-828B-A22C03E21B8C}.Debug|Any CPU.ActiveCfg = Debug|Any CPU
		{184D066E-7266-4BF8-828B-A22C03E21B8C}.Debug|Any CPU.Build.0 = Debug|Any CPU
		{184D066E-7266-4BF8-828B-A22C03E21B8C}.Release|Any CPU.ActiveCfg = Release|Any CPU
		{184D066E-7266-4BF8-828B-A22C03E21B8C}.Release|Any CPU.Build.0 = Release|Any CPU
		{42A8001A-7914-4D96-80E1-4A0DB0DAE5D3}.Debug|Any CPU.ActiveCfg = Debug|Any CPU
		{42A8001A-7914-4D96-80E1-4A0DB0DAE5D3}.Debug|Any CPU.Build.0 = Debug|Any CPU
		{42A8001A-7914-4D96-80E1-4A0DB0DAE5D3}.Release|Any CPU.ActiveCfg = Release|Any CPU
		{42A8001A-7914-4D96-80E1-4A0DB0DAE5D3}.Release|Any CPU.Build.0 = Release|Any CPU
		{A7EAB836-E80B-4C52-99F9-ED8D2129412E}.Debug|Any CPU.ActiveCfg = Debug|Any CPU
		{A7EAB836-E80B-4C52-99F9-ED8D2129412E}.Debug|Any CPU.Build.0 = Debug|Any CPU
		{A7EAB836-E80B-4C52-99F9-ED8D2129412E}.Release|Any CPU.ActiveCfg = Release|Any CPU
		{A7EAB836-E80B-4C52-99F9-ED8D2129412E}.Release|Any CPU.Build.0 = Release|Any CPU
		{8CF9024A-58DD-4EA8-9728-79A66045A315}.Debug|Any CPU.ActiveCfg = Debug|Any CPU
		{8CF9024A-58DD-4EA8-9728-79A66045A315}.Debug|Any CPU.Build.0 = Debug|Any CPU
		{8CF9024A-58DD-4EA8-9728-79A66045A315}.Release|Any CPU.ActiveCfg = Release|Any CPU
		{8CF9024A-58DD-4EA8-9728-79A66045A315}.Release|Any CPU.Build.0 = Release|Any CPU
		{3B3C1DD9-4140-43AA-A77E-866E69C70425}.Debug|Any CPU.ActiveCfg = Debug|Any CPU
		{3B3C1DD9-4140-43AA-A77E-866E69C70425}.Debug|Any CPU.Build.0 = Debug|Any CPU
		{3B3C1DD9-4140-43AA-A77E-866E69C70425}.Release|Any CPU.ActiveCfg = Release|Any CPU
		{3B3C1DD9-4140-43AA-A77E-866E69C70425}.Release|Any CPU.Build.0 = Release|Any CPU
		{4E024BFC-B7BC-4186-AAA3-8BE675585BE6}.Debug|Any CPU.ActiveCfg = Debug|Any CPU
		{4E024BFC-B7BC-4186-AAA3-8BE675585BE6}.Debug|Any CPU.Build.0 = Debug|Any CPU
		{4E024BFC-B7BC-4186-AAA3-8BE675585BE6}.Release|Any CPU.ActiveCfg = Release|Any CPU
		{4E024BFC-B7BC-4186-AAA3-8BE675585BE6}.Release|Any CPU.Build.0 = Release|Any CPU
		{4FB91414-851A-4ABA-BA74-431FAFC356BC}.Debug|Any CPU.ActiveCfg = Debug|Any CPU
		{4FB91414-851A-4ABA-BA74-431FAFC356BC}.Debug|Any CPU.Build.0 = Debug|Any CPU
		{4FB91414-851A-4ABA-BA74-431FAFC356BC}.Release|Any CPU.ActiveCfg = Release|Any CPU
		{4FB91414-851A-4ABA-BA74-431FAFC356BC}.Release|Any CPU.Build.0 = Release|Any CPU
		{99D5E6AF-F88E-424E-80E1-7B009A474D5F}.Debug|Any CPU.ActiveCfg = Debug|Any CPU
		{99D5E6AF-F88E-424E-80E1-7B009A474D5F}.Debug|Any CPU.Build.0 = Debug|Any CPU
		{99D5E6AF-F88E-424E-80E1-7B009A474D5F}.Release|Any CPU.ActiveCfg = Release|Any CPU
		{99D5E6AF-F88E-424E-80E1-7B009A474D5F}.Release|Any CPU.Build.0 = Release|Any CPU
		{C6412497-1D66-421E-855A-8D00230CEEFA}.Debug|Any CPU.ActiveCfg = Debug|Any CPU
		{C6412497-1D66-421E-855A-8D00230CEEFA}.Debug|Any CPU.Build.0 = Debug|Any CPU
		{C6412497-1D66-421E-855A-8D00230CEEFA}.Release|Any CPU.ActiveCfg = Release|Any CPU
		{C6412497-1D66-421E-855A-8D00230CEEFA}.Release|Any CPU.Build.0 = Release|Any CPU
		{04F3AE52-2BD7-4DAE-8577-6122D1AE9F74}.Debug|Any CPU.ActiveCfg = Debug|Any CPU
		{04F3AE52-2BD7-4DAE-8577-6122D1AE9F74}.Debug|Any CPU.Build.0 = Debug|Any CPU
		{04F3AE52-2BD7-4DAE-8577-6122D1AE9F74}.Release|Any CPU.ActiveCfg = Release|Any CPU
		{04F3AE52-2BD7-4DAE-8577-6122D1AE9F74}.Release|Any CPU.Build.0 = Release|Any CPU
		{80D59332-3953-4444-8083-F99FEEBB35D0}.Debug|Any CPU.ActiveCfg = Debug|Any CPU
		{80D59332-3953-4444-8083-F99FEEBB35D0}.Debug|Any CPU.Build.0 = Debug|Any CPU
		{80D59332-3953-4444-8083-F99FEEBB35D0}.Release|Any CPU.ActiveCfg = Release|Any CPU
		{80D59332-3953-4444-8083-F99FEEBB35D0}.Release|Any CPU.Build.0 = Release|Any CPU
		{4A6EB9B2-7C25-4BD8-BD98-90C8D7EE6BF1}.Debug|Any CPU.ActiveCfg = Debug|Any CPU
		{4A6EB9B2-7C25-4BD8-BD98-90C8D7EE6BF1}.Debug|Any CPU.Build.0 = Debug|Any CPU
		{4A6EB9B2-7C25-4BD8-BD98-90C8D7EE6BF1}.Release|Any CPU.ActiveCfg = Release|Any CPU
		{4A6EB9B2-7C25-4BD8-BD98-90C8D7EE6BF1}.Release|Any CPU.Build.0 = Release|Any CPU
		{7E121A71-924D-45D9-8689-EAB1A62DB990}.Debug|Any CPU.ActiveCfg = Debug|Any CPU
		{7E121A71-924D-45D9-8689-EAB1A62DB990}.Debug|Any CPU.Build.0 = Debug|Any CPU
		{7E121A71-924D-45D9-8689-EAB1A62DB990}.Release|Any CPU.ActiveCfg = Release|Any CPU
		{7E121A71-924D-45D9-8689-EAB1A62DB990}.Release|Any CPU.Build.0 = Release|Any CPU
		{65F202CF-9219-4D30-B2AE-20A0F5D7F081}.Debug|Any CPU.ActiveCfg = Debug|Any CPU
		{65F202CF-9219-4D30-B2AE-20A0F5D7F081}.Debug|Any CPU.Build.0 = Debug|Any CPU
		{65F202CF-9219-4D30-B2AE-20A0F5D7F081}.Release|Any CPU.ActiveCfg = Release|Any CPU
		{65F202CF-9219-4D30-B2AE-20A0F5D7F081}.Release|Any CPU.Build.0 = Release|Any CPU
		{4E99AD4E-D560-4F74-829E-4473DBC0D5A5}.Debug|Any CPU.ActiveCfg = Debug|Any CPU
		{4E99AD4E-D560-4F74-829E-4473DBC0D5A5}.Debug|Any CPU.Build.0 = Debug|Any CPU
		{4E99AD4E-D560-4F74-829E-4473DBC0D5A5}.Release|Any CPU.ActiveCfg = Release|Any CPU
		{4E99AD4E-D560-4F74-829E-4473DBC0D5A5}.Release|Any CPU.Build.0 = Release|Any CPU
		{6F7148E9-3EF0-415D-94AD-5B21B257CD54}.Debug|Any CPU.ActiveCfg = Debug|Any CPU
		{6F7148E9-3EF0-415D-94AD-5B21B257CD54}.Debug|Any CPU.Build.0 = Debug|Any CPU
		{6F7148E9-3EF0-415D-94AD-5B21B257CD54}.Release|Any CPU.ActiveCfg = Release|Any CPU
		{6F7148E9-3EF0-415D-94AD-5B21B257CD54}.Release|Any CPU.Build.0 = Release|Any CPU
		{0A47AB73-A5DF-462D-96C3-738321586610}.Debug|Any CPU.ActiveCfg = Debug|Any CPU
		{0A47AB73-A5DF-462D-96C3-738321586610}.Debug|Any CPU.Build.0 = Debug|Any CPU
		{0A47AB73-A5DF-462D-96C3-738321586610}.Release|Any CPU.ActiveCfg = Release|Any CPU
		{0A47AB73-A5DF-462D-96C3-738321586610}.Release|Any CPU.Build.0 = Release|Any CPU
		{B96E4D17-7FAA-43F1-A438-839790E873AF}.Debug|Any CPU.ActiveCfg = Debug|Any CPU
		{B96E4D17-7FAA-43F1-A438-839790E873AF}.Debug|Any CPU.Build.0 = Debug|Any CPU
		{B96E4D17-7FAA-43F1-A438-839790E873AF}.Release|Any CPU.ActiveCfg = Release|Any CPU
		{B96E4D17-7FAA-43F1-A438-839790E873AF}.Release|Any CPU.Build.0 = Release|Any CPU
		{B2C3AEFF-F032-42CF-969C-816F326FE6E4}.Debug|Any CPU.ActiveCfg = Debug|Any CPU
		{B2C3AEFF-F032-42CF-969C-816F326FE6E4}.Debug|Any CPU.Build.0 = Debug|Any CPU
		{B2C3AEFF-F032-42CF-969C-816F326FE6E4}.Release|Any CPU.ActiveCfg = Release|Any CPU
		{B2C3AEFF-F032-42CF-969C-816F326FE6E4}.Release|Any CPU.Build.0 = Release|Any CPU
		{0BDCAB2D-0E7F-4B05-85B0-28CF2AAF4E49}.Debug|Any CPU.ActiveCfg = Debug|Any CPU
		{0BDCAB2D-0E7F-4B05-85B0-28CF2AAF4E49}.Debug|Any CPU.Build.0 = Debug|Any CPU
		{0BDCAB2D-0E7F-4B05-85B0-28CF2AAF4E49}.Release|Any CPU.ActiveCfg = Release|Any CPU
		{0BDCAB2D-0E7F-4B05-85B0-28CF2AAF4E49}.Release|Any CPU.Build.0 = Release|Any CPU
		{E5049AE5-88F3-4641-9263-CDBDA42DD19C}.Debug|Any CPU.ActiveCfg = Debug|Any CPU
		{E5049AE5-88F3-4641-9263-CDBDA42DD19C}.Debug|Any CPU.Build.0 = Debug|Any CPU
		{E5049AE5-88F3-4641-9263-CDBDA42DD19C}.Release|Any CPU.ActiveCfg = Release|Any CPU
		{E5049AE5-88F3-4641-9263-CDBDA42DD19C}.Release|Any CPU.Build.0 = Release|Any CPU
		{A40B9CBB-9B8F-4A7D-946C-706E531A9335}.Debug|Any CPU.ActiveCfg = Debug|Any CPU
		{A40B9CBB-9B8F-4A7D-946C-706E531A9335}.Debug|Any CPU.Build.0 = Debug|Any CPU
		{A40B9CBB-9B8F-4A7D-946C-706E531A9335}.Release|Any CPU.ActiveCfg = Release|Any CPU
		{A40B9CBB-9B8F-4A7D-946C-706E531A9335}.Release|Any CPU.Build.0 = Release|Any CPU
		{E0CC5966-0163-4287-87F2-73356A9AD1B0}.Debug|Any CPU.ActiveCfg = Debug|Any CPU
		{E0CC5966-0163-4287-87F2-73356A9AD1B0}.Debug|Any CPU.Build.0 = Debug|Any CPU
		{E0CC5966-0163-4287-87F2-73356A9AD1B0}.Release|Any CPU.ActiveCfg = Release|Any CPU
		{E0CC5966-0163-4287-87F2-73356A9AD1B0}.Release|Any CPU.Build.0 = Release|Any CPU
		{681B9010-F882-4E61-971F-8E295654B2AD}.Debug|Any CPU.ActiveCfg = Debug|Any CPU
		{681B9010-F882-4E61-971F-8E295654B2AD}.Debug|Any CPU.Build.0 = Debug|Any CPU
		{681B9010-F882-4E61-971F-8E295654B2AD}.Release|Any CPU.ActiveCfg = Release|Any CPU
		{681B9010-F882-4E61-971F-8E295654B2AD}.Release|Any CPU.Build.0 = Release|Any CPU
		{22970544-109E-4921-8ED5-6B6FF7137201}.Debug|Any CPU.ActiveCfg = Debug|Any CPU
		{22970544-109E-4921-8ED5-6B6FF7137201}.Debug|Any CPU.Build.0 = Debug|Any CPU
		{22970544-109E-4921-8ED5-6B6FF7137201}.Release|Any CPU.ActiveCfg = Release|Any CPU
		{22970544-109E-4921-8ED5-6B6FF7137201}.Release|Any CPU.Build.0 = Release|Any CPU
		{BE8DCE58-3B87-46CB-A310-8FAE9907DD40}.Debug|Any CPU.ActiveCfg = Debug|Any CPU
		{BE8DCE58-3B87-46CB-A310-8FAE9907DD40}.Debug|Any CPU.Build.0 = Debug|Any CPU
		{BE8DCE58-3B87-46CB-A310-8FAE9907DD40}.Release|Any CPU.ActiveCfg = Release|Any CPU
		{BE8DCE58-3B87-46CB-A310-8FAE9907DD40}.Release|Any CPU.Build.0 = Release|Any CPU
		{7468777B-207B-49C9-AC0D-1268FA7EE92F}.Debug|Any CPU.ActiveCfg = Debug|Any CPU
		{7468777B-207B-49C9-AC0D-1268FA7EE92F}.Debug|Any CPU.Build.0 = Debug|Any CPU
		{7468777B-207B-49C9-AC0D-1268FA7EE92F}.Release|Any CPU.ActiveCfg = Release|Any CPU
		{7468777B-207B-49C9-AC0D-1268FA7EE92F}.Release|Any CPU.Build.0 = Release|Any CPU
	EndGlobalSection
	GlobalSection(SolutionProperties) = preSolution
		HideSolutionNode = FALSE
	EndGlobalSection
	GlobalSection(NestedProjects) = preSolution
		{2BE908D9-1A15-4DCF-B054-B0A7F86DEFDC} = {5C58D9F3-F4C3-47F3-AC82-0746A2FAB64E}
		{6D374E5B-01B2-453F-B8DD-F92FF4F7C6A0} = {5C58D9F3-F4C3-47F3-AC82-0746A2FAB64E}
		{3038BF82-D17F-4239-943C-B196BDBE8F18} = {5C58D9F3-F4C3-47F3-AC82-0746A2FAB64E}
		{574B6841-FF85-4F42-95DA-0809B95241BF} = {5C58D9F3-F4C3-47F3-AC82-0746A2FAB64E}
		{9E933304-D11E-494C-A178-B575A7600C4E} = {5C58D9F3-F4C3-47F3-AC82-0746A2FAB64E}
		{8D2F2A84-404A-4941-93BB-15E7FE08A314} = {5C58D9F3-F4C3-47F3-AC82-0746A2FAB64E}
		{974C2B83-3352-4EE6-98EA-06E3A5C80B6C} = {5C58D9F3-F4C3-47F3-AC82-0746A2FAB64E}
		{6ECE5138-9213-4878-9A1A-7A306AA75732} = {5C58D9F3-F4C3-47F3-AC82-0746A2FAB64E}
		{33FC296C-640C-457B-AE00-1A4BD777FED0} = {5C58D9F3-F4C3-47F3-AC82-0746A2FAB64E}
		{3E1A2803-CF10-4151-BDA2-49F00D15F72D} = {5C58D9F3-F4C3-47F3-AC82-0746A2FAB64E}
		{7DB8F2CE-A8EA-4E42-A69F-FE19A556DFB0} = {5C58D9F3-F4C3-47F3-AC82-0746A2FAB64E}
		{825BF822-1D40-4738-B451-2F7E7BFDCFB4} = {5C58D9F3-F4C3-47F3-AC82-0746A2FAB64E}
		{C918B640-2568-4B4C-B24E-CB90D9E419AD} = {5C58D9F3-F4C3-47F3-AC82-0746A2FAB64E}
		{874353AD-7964-41EC-B126-25056DAD6873} = {5C58D9F3-F4C3-47F3-AC82-0746A2FAB64E}
		{8701B04E-E2C6-4E01-A154-8DC070FE6B8A} = {5C58D9F3-F4C3-47F3-AC82-0746A2FAB64E}
		{245CDDFE-7A44-4B24-8214-8A15A3F95CB8} = {5C58D9F3-F4C3-47F3-AC82-0746A2FAB64E}
		{FA06FCC0-3102-457E-A487-24F6B997FCC6} = {5C58D9F3-F4C3-47F3-AC82-0746A2FAB64E}
		{61411515-8767-4BB3-A043-233DEC1923D3} = {5C58D9F3-F4C3-47F3-AC82-0746A2FAB64E}
		{7511088E-B451-4684-A5F5-A55643F559FF} = {5C58D9F3-F4C3-47F3-AC82-0746A2FAB64E}
		{16FD0D69-CD1B-4703-9CFD-3933972C5736} = {5C58D9F3-F4C3-47F3-AC82-0746A2FAB64E}
		{8487B04D-B692-4480-8CD7-1A10CC086A25} = {5C58D9F3-F4C3-47F3-AC82-0746A2FAB64E}
		{EDA12C1B-7A83-4754-8089-518819F2AD51} = {5C58D9F3-F4C3-47F3-AC82-0746A2FAB64E}
		{40C4FBAB-44D7-49A2-A2BF-9C31A05648B3} = {5C58D9F3-F4C3-47F3-AC82-0746A2FAB64E}
		{C575DC27-E2E2-4D29-BE5F-0E51300B2DF6} = {5C58D9F3-F4C3-47F3-AC82-0746A2FAB64E}
		{89BC4B34-05F1-41E7-A184-882599DEE448} = {5C58D9F3-F4C3-47F3-AC82-0746A2FAB64E}
		{9BA114F0-EC17-4F24-B81B-D8E524A4E962} = {5C58D9F3-F4C3-47F3-AC82-0746A2FAB64E}
		{4A6C0080-3F6C-4976-B471-A502F6CEEE9F} = {5C58D9F3-F4C3-47F3-AC82-0746A2FAB64E}
		{1AB175A5-65AC-4CEF-8BDB-63739C2EFD9D} = {5C58D9F3-F4C3-47F3-AC82-0746A2FAB64E}
		{BA75D4D6-3842-46FE-AEEC-DAD81F77F0C3} = {5C58D9F3-F4C3-47F3-AC82-0746A2FAB64E}
		{E3006E0F-8D7F-4CF1-8970-3AE2DB827752} = {5C58D9F3-F4C3-47F3-AC82-0746A2FAB64E}
		{D03FF529-8C53-46D3-A6FB-94C8CE19A748} = {5C58D9F3-F4C3-47F3-AC82-0746A2FAB64E}
		{7318B70E-170E-4FA6-8B92-8F4D3F1BB7B6} = {5C58D9F3-F4C3-47F3-AC82-0746A2FAB64E}
		{184D066E-7266-4BF8-828B-A22C03E21B8C} = {9511697E-47E8-46BF-9E52-D1D1EAD9AE72}
		{42A8001A-7914-4D96-80E1-4A0DB0DAE5D3} = {9511697E-47E8-46BF-9E52-D1D1EAD9AE72}
		{A7EAB836-E80B-4C52-99F9-ED8D2129412E} = {9511697E-47E8-46BF-9E52-D1D1EAD9AE72}
		{8CF9024A-58DD-4EA8-9728-79A66045A315} = {9511697E-47E8-46BF-9E52-D1D1EAD9AE72}
		{3B3C1DD9-4140-43AA-A77E-866E69C70425} = {9511697E-47E8-46BF-9E52-D1D1EAD9AE72}
		{4E024BFC-B7BC-4186-AAA3-8BE675585BE6} = {9511697E-47E8-46BF-9E52-D1D1EAD9AE72}
		{4FB91414-851A-4ABA-BA74-431FAFC356BC} = {B18F4866-9293-4C14-AF21-1D6C3AD164FA}
		{99D5E6AF-F88E-424E-80E1-7B009A474D5F} = {B18F4866-9293-4C14-AF21-1D6C3AD164FA}
		{C6412497-1D66-421E-855A-8D00230CEEFA} = {B18F4866-9293-4C14-AF21-1D6C3AD164FA}
		{04F3AE52-2BD7-4DAE-8577-6122D1AE9F74} = {B18F4866-9293-4C14-AF21-1D6C3AD164FA}
		{80D59332-3953-4444-8083-F99FEEBB35D0} = {B18F4866-9293-4C14-AF21-1D6C3AD164FA}
		{4A6EB9B2-7C25-4BD8-BD98-90C8D7EE6BF1} = {9511697E-47E8-46BF-9E52-D1D1EAD9AE72}
		{7E121A71-924D-45D9-8689-EAB1A62DB990} = {B18F4866-9293-4C14-AF21-1D6C3AD164FA}
		{65F202CF-9219-4D30-B2AE-20A0F5D7F081} = {B18F4866-9293-4C14-AF21-1D6C3AD164FA}
		{4E99AD4E-D560-4F74-829E-4473DBC0D5A5} = {01C5F210-4534-4BD1-97AC-D6A654B839C6}
		{6F7148E9-3EF0-415D-94AD-5B21B257CD54} = {01C5F210-4534-4BD1-97AC-D6A654B839C6}
		{0A47AB73-A5DF-462D-96C3-738321586610} = {7C0EAAB1-1F2F-4E7D-B2BB-BD7F4035EDBA}
		{B96E4D17-7FAA-43F1-A438-839790E873AF} = {7C0EAAB1-1F2F-4E7D-B2BB-BD7F4035EDBA}
		{B2C3AEFF-F032-42CF-969C-816F326FE6E4} = {7C0EAAB1-1F2F-4E7D-B2BB-BD7F4035EDBA}
		{0BDCAB2D-0E7F-4B05-85B0-28CF2AAF4E49} = {7C0EAAB1-1F2F-4E7D-B2BB-BD7F4035EDBA}
		{E5049AE5-88F3-4641-9263-CDBDA42DD19C} = {7C0EAAB1-1F2F-4E7D-B2BB-BD7F4035EDBA}
		{A40B9CBB-9B8F-4A7D-946C-706E531A9335} = {7C0EAAB1-1F2F-4E7D-B2BB-BD7F4035EDBA}
		{E0CC5966-0163-4287-87F2-73356A9AD1B0} = {7C0EAAB1-1F2F-4E7D-B2BB-BD7F4035EDBA}
		{681B9010-F882-4E61-971F-8E295654B2AD} = {7C0EAAB1-1F2F-4E7D-B2BB-BD7F4035EDBA}
		{22970544-109E-4921-8ED5-6B6FF7137201} = {7C0EAAB1-1F2F-4E7D-B2BB-BD7F4035EDBA}
		{BE8DCE58-3B87-46CB-A310-8FAE9907DD40} = {B18F4866-9293-4C14-AF21-1D6C3AD164FA}
		{7468777B-207B-49C9-AC0D-1268FA7EE92F} = {7C0EAAB1-1F2F-4E7D-B2BB-BD7F4035EDBA}
	EndGlobalSection
	GlobalSection(ExtensibilityGlobals) = postSolution
		SolutionGuid = {758C6418-7AF5-4B94-B4F3-D75C7B94E413}
	EndGlobalSection
EndGlobal
