
Microsoft Visual Studio Solution File, Format Version 12.00
# Visual Studio Version 17
VisualStudioVersion = 17.4.33213.308
MinimumVisualStudioVersion = 10.0.40219.1
Project("{2150E333-8FDC-42A3-9474-1A3956D46DE8}") = "Data types", "Data types", "{5C58D9F3-F4C3-47F3-AC82-0746A2FAB64E}"
EndProject
Project("{9A19103F-16F7-4668-BE54-9A1E7A4F7556}") = "DividingIntegers", "Data types\DividingIntegers\DividingIntegers.csproj", "{2BE908D9-1A15-4DCF-B054-B0A7F86DEFDC}"
EndProject
Project("{9A19103F-16F7-4668-BE54-9A1E7A4F7556}") = "SpecialNumbers", "Data types\SpecialNumbers\SpecialNumbers.csproj", "{6D374E5B-01B2-453F-B8DD-F92FF4F7C6A0}"
EndProject
Project("{9A19103F-16F7-4668-BE54-9A1E7A4F7556}") = "WaterOverflow", "Data types\WaterOverflow\WaterOverflow.csproj", "{3038BF82-D17F-4239-943C-B196BDBE8F18}"
EndProject
Project("{9A19103F-16F7-4668-BE54-9A1E7A4F7556}") = "TourInfo", "Data types\TourInfo\TourInfo.csproj", "{574B6841-FF85-4F42-95DA-0809B95241BF}"
EndProject
Project("{FAE04EC0-301F-11D3-BF4B-00C04F79EFBC}") = "SpeedConvertor", "Data types\SpeedConvertor\SpeedConvertor.csproj", "{9E933304-D11E-494C-A178-B575A7600C4E}"
EndProject
Project("{FAE04EC0-301F-11D3-BF4B-00C04F79EFBC}") = "PyramidVolume", "Data types\PyramidVolume\PyramidVolume.csproj", "{8D2F2A84-404A-4941-93BB-15E7FE08A314}"
EndProject
Project("{FAE04EC0-301F-11D3-BF4B-00C04F79EFBC}") = "CatchTheThief", "Data types\CatchTheThief\CatchTheThief.csproj", "{974C2B83-3352-4EE6-98EA-06E3A5C80B6C}"
EndProject
Global
	GlobalSection(SolutionConfigurationPlatforms) = preSolution
		Debug|Any CPU = Debug|Any CPU
		Release|Any CPU = Release|Any CPU
	EndGlobalSection
	GlobalSection(ProjectConfigurationPlatforms) = postSolution
		{2BE908D9-1A15-4DCF-B054-B0A7F86DEFDC}.Debug|Any CPU.ActiveCfg = Debug|Any CPU
		{2BE908D9-1A15-4DCF-B054-B0A7F86DEFDC}.Debug|Any CPU.Build.0 = Debug|Any CPU
		{2BE908D9-1A15-4DCF-B054-B0A7F86DEFDC}.Release|Any CPU.ActiveCfg = Release|Any CPU
		{2BE908D9-1A15-4DCF-B054-B0A7F86DEFDC}.Release|Any CPU.Build.0 = Release|Any CPU
		{6D374E5B-01B2-453F-B8DD-F92FF4F7C6A0}.Debug|Any CPU.ActiveCfg = Debug|Any CPU
		{6D374E5B-01B2-453F-B8DD-F92FF4F7C6A0}.Debug|Any CPU.Build.0 = Debug|Any CPU
		{6D374E5B-01B2-453F-B8DD-F92FF4F7C6A0}.Release|Any CPU.ActiveCfg = Release|Any CPU
		{6D374E5B-01B2-453F-B8DD-F92FF4F7C6A0}.Release|Any CPU.Build.0 = Release|Any CPU
		{3038BF82-D17F-4239-943C-B196BDBE8F18}.Debug|Any CPU.ActiveCfg = Debug|Any CPU
		{3038BF82-D17F-4239-943C-B196BDBE8F18}.Debug|Any CPU.Build.0 = Debug|Any CPU
		{3038BF82-D17F-4239-943C-B196BDBE8F18}.Release|Any CPU.ActiveCfg = Release|Any CPU
		{3038BF82-D17F-4239-943C-B196BDBE8F18}.Release|Any CPU.Build.0 = Release|Any CPU
		{574B6841-FF85-4F42-95DA-0809B95241BF}.Debug|Any CPU.ActiveCfg = Debug|Any CPU
		{574B6841-FF85-4F42-95DA-0809B95241BF}.Debug|Any CPU.Build.0 = Debug|Any CPU
		{574B6841-FF85-4F42-95DA-0809B95241BF}.Release|Any CPU.ActiveCfg = Release|Any CPU
		{574B6841-FF85-4F42-95DA-0809B95241BF}.Release|Any CPU.Build.0 = Release|Any CPU
		{9E933304-D11E-494C-A178-B575A7600C4E}.Debug|Any CPU.ActiveCfg = Debug|Any CPU
		{9E933304-D11E-494C-A178-B575A7600C4E}.Debug|Any CPU.Build.0 = Debug|Any CPU
		{9E933304-D11E-494C-A178-B575A7600C4E}.Release|Any CPU.ActiveCfg = Release|Any CPU
		{9E933304-D11E-494C-A178-B575A7600C4E}.Release|Any CPU.Build.0 = Release|Any CPU
		{8D2F2A84-404A-4941-93BB-15E7FE08A314}.Debug|Any CPU.ActiveCfg = Debug|Any CPU
		{8D2F2A84-404A-4941-93BB-15E7FE08A314}.Debug|Any CPU.Build.0 = Debug|Any CPU
		{8D2F2A84-404A-4941-93BB-15E7FE08A314}.Release|Any CPU.ActiveCfg = Release|Any CPU
		{8D2F2A84-404A-4941-93BB-15E7FE08A314}.Release|Any CPU.Build.0 = Release|Any CPU
		{974C2B83-3352-4EE6-98EA-06E3A5C80B6C}.Debug|Any CPU.ActiveCfg = Debug|Any CPU
		{974C2B83-3352-4EE6-98EA-06E3A5C80B6C}.Debug|Any CPU.Build.0 = Debug|Any CPU
		{974C2B83-3352-4EE6-98EA-06E3A5C80B6C}.Release|Any CPU.ActiveCfg = Release|Any CPU
		{974C2B83-3352-4EE6-98EA-06E3A5C80B6C}.Release|Any CPU.Build.0 = Release|Any CPU
	EndGlobalSection
	GlobalSection(SolutionProperties) = preSolution
		HideSolutionNode = FALSE
	EndGlobalSection
	GlobalSection(NestedProjects) = preSolution
		{2BE908D9-1A15-4DCF-B054-B0A7F86DEFDC} = {5C58D9F3-F4C3-47F3-AC82-0746A2FAB64E}
		{6D374E5B-01B2-453F-B8DD-F92FF4F7C6A0} = {5C58D9F3-F4C3-47F3-AC82-0746A2FAB64E}
		{3038BF82-D17F-4239-943C-B196BDBE8F18} = {5C58D9F3-F4C3-47F3-AC82-0746A2FAB64E}
		{574B6841-FF85-4F42-95DA-0809B95241BF} = {5C58D9F3-F4C3-47F3-AC82-0746A2FAB64E}
		{9E933304-D11E-494C-A178-B575A7600C4E} = {5C58D9F3-F4C3-47F3-AC82-0746A2FAB64E}
		{8D2F2A84-404A-4941-93BB-15E7FE08A314} = {5C58D9F3-F4C3-47F3-AC82-0746A2FAB64E}
		{974C2B83-3352-4EE6-98EA-06E3A5C80B6C} = {5C58D9F3-F4C3-47F3-AC82-0746A2FAB64E}
	EndGlobalSection
	GlobalSection(ExtensibilityGlobals) = postSolution
		SolutionGuid = {758C6418-7AF5-4B94-B4F3-D75C7B94E413}
	EndGlobalSection
EndGlobal
