
Microsoft Visual Studio Solution File, Format Version 12.00
# Visual Studio Version 17
VisualStudioVersion = 17.5.33627.172
MinimumVisualStudioVersion = 10.0.40219.1
Project("{9A19103F-16F7-4668-BE54-9A1E7A4F7556}") = "Demo", "Demo\Demo.csproj", "{846F518B-5C64-44B5-ABDE-8BB3919490F8}"
EndProject
Project("{9A19103F-16F7-4668-BE54-9A1E7A4F7556}") = "Lists", "Lists\Lists.csproj", "{A8F3D57F-C975-4712-937B-330E3299E92F}"
EndProject
Project("{FAE04EC0-301F-11D3-BF4B-00C04F79EFBC}") = "Queues", "Queues\Queues.csproj", "{313DA1F6-2EB7-4E5F-98D9-A3F228EC8286}"
EndProject
Project("{FAE04EC0-301F-11D3-BF4B-00C04F79EFBC}") = "Stacks", "Stacks\Stacks.csproj", "{0B6560D2-2A7D-489D-8A94-860880575DAE}"
EndProject
Global
	GlobalSection(SolutionConfigurationPlatforms) = preSolution
		Debug|Any CPU = Debug|Any CPU
		Release|Any CPU = Release|Any CPU
	EndGlobalSection
	GlobalSection(ProjectConfigurationPlatforms) = postSolution
		{846F518B-5C64-44B5-ABDE-8BB3919490F8}.Debug|Any CPU.ActiveCfg = Debug|Any CPU
		{846F518B-5C64-44B5-ABDE-8BB3919490F8}.Debug|Any CPU.Build.0 = Debug|Any CPU
		{846F518B-5C64-44B5-ABDE-8BB3919490F8}.Release|Any CPU.ActiveCfg = Release|Any CPU
		{846F518B-5C64-44B5-ABDE-8BB3919490F8}.Release|Any CPU.Build.0 = Release|Any CPU
		{A8F3D57F-C975-4712-937B-330E3299E92F}.Debug|Any CPU.ActiveCfg = Debug|Any CPU
		{A8F3D57F-C975-4712-937B-330E3299E92F}.Debug|Any CPU.Build.0 = Debug|Any CPU
		{A8F3D57F-C975-4712-937B-330E3299E92F}.Release|Any CPU.ActiveCfg = Release|Any CPU
		{A8F3D57F-C975-4712-937B-330E3299E92F}.Release|Any CPU.Build.0 = Release|Any CPU
		{313DA1F6-2EB7-4E5F-98D9-A3F228EC8286}.Debug|Any CPU.ActiveCfg = Debug|Any CPU
		{313DA1F6-2EB7-4E5F-98D9-A3F228EC8286}.Debug|Any CPU.Build.0 = Debug|Any CPU
		{313DA1F6-2EB7-4E5F-98D9-A3F228EC8286}.Release|Any CPU.ActiveCfg = Release|Any CPU
		{313DA1F6-2EB7-4E5F-98D9-A3F228EC8286}.Release|Any CPU.Build.0 = Release|Any CPU
		{0B6560D2-2A7D-489D-8A94-860880575DAE}.Debug|Any CPU.ActiveCfg = Debug|Any CPU
		{0B6560D2-2A7D-489D-8A94-860880575DAE}.Debug|Any CPU.Build.0 = Debug|Any CPU
		{0B6560D2-2A7D-489D-8A94-860880575DAE}.Release|Any CPU.ActiveCfg = Release|Any CPU
		{0B6560D2-2A7D-489D-8A94-860880575DAE}.Release|Any CPU.Build.0 = Release|Any CPU
	EndGlobalSection
	GlobalSection(SolutionProperties) = preSolution
		HideSolutionNode = FALSE
	EndGlobalSection
	GlobalSection(ExtensibilityGlobals) = postSolution
		SolutionGuid = {50F0E2DF-A3C6-4278-B2C2-628D52DD1BD2}
	EndGlobalSection
EndGlobal
