
Microsoft Visual Studio Solution File, Format Version 12.00
# Visual Studio Version 17
VisualStudioVersion = 17.5.33627.172
MinimumVisualStudioVersion = 10.0.40219.1
Project("{9A19103F-16F7-4668-BE54-9A1E7A4F7556}") = "Playground", "Playground\Playground.csproj", "{07FE007F-523C-486D-938A-75312EC9AF42}"
EndProject
Project("{9A19103F-16F7-4668-BE54-9A1E7A4F7556}") = "Life", "Defining classes\Life\Life.csproj", "{EB0C357F-3DF2-4251-86E2-40CEBA9D9626}"
EndProject
Project("{2150E333-8FDC-42A3-9474-1A3956D46DE8}") = "Defining classes", "Defining classes", "{5CED7BE4-6F34-4FE1-9F8D-C1AC1D9C265F}"
EndProject
Project("{9A19103F-16F7-4668-BE54-9A1E7A4F7556}") = "ListOfEmployees", "Defining classes\ListOfEmployees\ListOfEmployees.csproj", "{F353DC17-B2F7-4E30-BA7D-CE01581248EF}"
EndProject
Project("{9A19103F-16F7-4668-BE54-9A1E7A4F7556}") = "OldestFamilyMember", "Defining classes\OldestFamilyMember\OldestFamilyMember.csproj", "{3CF36CFB-8D1D-48AB-8DEF-6F8C3994F930}"
EndProject
Project("{9A19103F-16F7-4668-BE54-9A1E7A4F7556}") = "DefiningPersonWithConstructors", "Defining classes\DefiningPersonWithConstructors\DefiningPersonWithConstructors.csproj", "{F0A11F6D-D324-4A8C-ABC7-7B13D11630B8}"
EndProject
Project("{9A19103F-16F7-4668-BE54-9A1E7A4F7556}") = "RawDeliveryData", "Defining classes\RawDeliveryData\RawDeliveryData.csproj", "{E1EC542B-FA14-485D-9E88-7DF706531427}"
EndProject
Project("{9A19103F-16F7-4668-BE54-9A1E7A4F7556}") = "CarDealer", "Defining classes\CarDealer\CarDealer.csproj", "{3C43643E-B62B-41DF-8C26-B546EDE6AEAF}"
EndProject
Project("{2150E333-8FDC-42A3-9474-1A3956D46DE8}") = "Encapsulation", "Encapsulation", "{CF8F86BF-AE8A-4D71-A400-350ACF7B95A6}"
EndProject
Project("{9A19103F-16F7-4668-BE54-9A1E7A4F7556}") = "Playground.Classes", "Playground.Classes\Playground.Classes.csproj", "{CB8CDBBE-32DF-4EE2-8B9E-F0B2AD86607D}"
EndProject
Project("{9A19103F-16F7-4668-BE54-9A1E7A4F7556}") = "Creatures", "Encapsulation\Creatures\Creatures.csproj", "{07A1C05D-D6A6-4C38-984F-8AE946062E2A}"
EndProject
Project("{9A19103F-16F7-4668-BE54-9A1E7A4F7556}") = "SortPeopleByNameAndAge", "Encapsulation\SortPeopleByNameAndAge\SortPeopleByNameAndAge.csproj", "{740E4345-468B-4B0D-A6E4-B093F8214D21}"
EndProject
Project("{9A19103F-16F7-4668-BE54-9A1E7A4F7556}") = "RectangularParallelepiped", "Encapsulation\RectangularParallelepiped\RectangularParallelepiped.csproj", "{2B1EC33B-AF77-49EE-B385-BE6FC3C6CE93}"
EndProject
Project("{9A19103F-16F7-4668-BE54-9A1E7A4F7556}") = "AnimalFarm", "Encapsulation\AnimalFarm\AnimalFarm.csproj", "{5F941B1D-49CD-41E1-8CB3-B6B36760CF17}"
EndProject
Project("{9A19103F-16F7-4668-BE54-9A1E7A4F7556}") = "ValidatingPerson", "Encapsulation\ValidatingPerson\ValidatingPerson.csproj", "{50162030-708A-40D6-88C7-549C98605375}"
EndProject
Project("{9A19103F-16F7-4668-BE54-9A1E7A4F7556}") = "Market", "Encapsulation\Market\Market.csproj", "{31E5AA1D-76BB-45FB-AFFF-8D89394EC96C}"
EndProject
Project("{2150E333-8FDC-42A3-9474-1A3956D46DE8}") = "Static vs Non-static", "Static vs Non-static", "{11BFFB72-786F-4124-9BD5-A70A21D02241}"
EndProject
Project("{9A19103F-16F7-4668-BE54-9A1E7A4F7556}") = "StaticVsNonStatic", "Static vs Non-static\StaticVsNonStatic\StaticVsNonStatic.csproj", "{AD60A647-7C3A-49A9-814E-EABEA8BCCBD0}"
EndProject
Project("{9A19103F-16F7-4668-BE54-9A1E7A4F7556}") = "InstancesCounter", "Static vs Non-static\InstancesCounter\InstancesCounter.csproj", "{7C161D1C-AC8A-4454-A542-4D812AFE5D7B}"
EndProject
Project("{9A19103F-16F7-4668-BE54-9A1E7A4F7556}") = "StaticGeometry", "Static vs Non-static\StaticGeometry\StaticGeometry.csproj", "{B23C439A-11FE-49E4-961B-EAC1C569825A}"
EndProject
Project("{9A19103F-16F7-4668-BE54-9A1E7A4F7556}") = "SquareRootMemoization", "Static vs Non-static\SquareRootMemoization\SquareRootMemoization.csproj", "{03E3AF12-131F-4AEC-B477-1BD17D75D9C7}"
EndProject
Project("{2150E333-8FDC-42A3-9474-1A3956D46DE8}") = "Exam preparation", "Exam preparation", "{C4CBA0CC-4C00-4FAF-9C21-87089EE03CB1}"
EndProject
Project("{9A19103F-16F7-4668-BE54-9A1E7A4F7556}") = "FlowerShop", "Exam preparation\FlowerShop\FlowerShop.csproj", "{E874DF8F-ECBB-4442-AA8B-645CCC65C844}"
EndProject
Project("{2150E333-8FDC-42A3-9474-1A3956D46DE8}") = "Exam", "Exam", "{2DCD83F2-0708-40D8-A913-78C9251ABDEC}"
EndProject
Project("{FAE04EC0-301F-11D3-BF4B-00C04F79EFBC}") = "Exam", "Exam\Exam\Exam.csproj", "{46010FE1-77A5-4A03-907E-1B02862E2545}"
EndProject
Global
	GlobalSection(SolutionConfigurationPlatforms) = preSolution
		Debug|Any CPU = Debug|Any CPU
		Release|Any CPU = Release|Any CPU
	EndGlobalSection
	GlobalSection(ProjectConfigurationPlatforms) = postSolution
		{07FE007F-523C-486D-938A-75312EC9AF42}.Debug|Any CPU.ActiveCfg = Debug|Any CPU
		{07FE007F-523C-486D-938A-75312EC9AF42}.Debug|Any CPU.Build.0 = Debug|Any CPU
		{07FE007F-523C-486D-938A-75312EC9AF42}.Release|Any CPU.ActiveCfg = Release|Any CPU
		{07FE007F-523C-486D-938A-75312EC9AF42}.Release|Any CPU.Build.0 = Release|Any CPU
		{EB0C357F-3DF2-4251-86E2-40CEBA9D9626}.Debug|Any CPU.ActiveCfg = Debug|Any CPU
		{EB0C357F-3DF2-4251-86E2-40CEBA9D9626}.Debug|Any CPU.Build.0 = Debug|Any CPU
		{EB0C357F-3DF2-4251-86E2-40CEBA9D9626}.Release|Any CPU.ActiveCfg = Release|Any CPU
		{EB0C357F-3DF2-4251-86E2-40CEBA9D9626}.Release|Any CPU.Build.0 = Release|Any CPU
		{F353DC17-B2F7-4E30-BA7D-CE01581248EF}.Debug|Any CPU.ActiveCfg = Debug|Any CPU
		{F353DC17-B2F7-4E30-BA7D-CE01581248EF}.Debug|Any CPU.Build.0 = Debug|Any CPU
		{F353DC17-B2F7-4E30-BA7D-CE01581248EF}.Release|Any CPU.ActiveCfg = Release|Any CPU
		{F353DC17-B2F7-4E30-BA7D-CE01581248EF}.Release|Any CPU.Build.0 = Release|Any CPU
		{3CF36CFB-8D1D-48AB-8DEF-6F8C3994F930}.Debug|Any CPU.ActiveCfg = Debug|Any CPU
		{3CF36CFB-8D1D-48AB-8DEF-6F8C3994F930}.Debug|Any CPU.Build.0 = Debug|Any CPU
		{3CF36CFB-8D1D-48AB-8DEF-6F8C3994F930}.Release|Any CPU.ActiveCfg = Release|Any CPU
		{3CF36CFB-8D1D-48AB-8DEF-6F8C3994F930}.Release|Any CPU.Build.0 = Release|Any CPU
		{F0A11F6D-D324-4A8C-ABC7-7B13D11630B8}.Debug|Any CPU.ActiveCfg = Debug|Any CPU
		{F0A11F6D-D324-4A8C-ABC7-7B13D11630B8}.Debug|Any CPU.Build.0 = Debug|Any CPU
		{F0A11F6D-D324-4A8C-ABC7-7B13D11630B8}.Release|Any CPU.ActiveCfg = Release|Any CPU
		{F0A11F6D-D324-4A8C-ABC7-7B13D11630B8}.Release|Any CPU.Build.0 = Release|Any CPU
		{E1EC542B-FA14-485D-9E88-7DF706531427}.Debug|Any CPU.ActiveCfg = Debug|Any CPU
		{E1EC542B-FA14-485D-9E88-7DF706531427}.Debug|Any CPU.Build.0 = Debug|Any CPU
		{E1EC542B-FA14-485D-9E88-7DF706531427}.Release|Any CPU.ActiveCfg = Release|Any CPU
		{E1EC542B-FA14-485D-9E88-7DF706531427}.Release|Any CPU.Build.0 = Release|Any CPU
		{3C43643E-B62B-41DF-8C26-B546EDE6AEAF}.Debug|Any CPU.ActiveCfg = Debug|Any CPU
		{3C43643E-B62B-41DF-8C26-B546EDE6AEAF}.Debug|Any CPU.Build.0 = Debug|Any CPU
		{3C43643E-B62B-41DF-8C26-B546EDE6AEAF}.Release|Any CPU.ActiveCfg = Release|Any CPU
		{3C43643E-B62B-41DF-8C26-B546EDE6AEAF}.Release|Any CPU.Build.0 = Release|Any CPU
		{CB8CDBBE-32DF-4EE2-8B9E-F0B2AD86607D}.Debug|Any CPU.ActiveCfg = Debug|Any CPU
		{CB8CDBBE-32DF-4EE2-8B9E-F0B2AD86607D}.Debug|Any CPU.Build.0 = Debug|Any CPU
		{CB8CDBBE-32DF-4EE2-8B9E-F0B2AD86607D}.Release|Any CPU.ActiveCfg = Release|Any CPU
		{CB8CDBBE-32DF-4EE2-8B9E-F0B2AD86607D}.Release|Any CPU.Build.0 = Release|Any CPU
		{07A1C05D-D6A6-4C38-984F-8AE946062E2A}.Debug|Any CPU.ActiveCfg = Debug|Any CPU
		{07A1C05D-D6A6-4C38-984F-8AE946062E2A}.Debug|Any CPU.Build.0 = Debug|Any CPU
		{07A1C05D-D6A6-4C38-984F-8AE946062E2A}.Release|Any CPU.ActiveCfg = Release|Any CPU
		{07A1C05D-D6A6-4C38-984F-8AE946062E2A}.Release|Any CPU.Build.0 = Release|Any CPU
		{740E4345-468B-4B0D-A6E4-B093F8214D21}.Debug|Any CPU.ActiveCfg = Debug|Any CPU
		{740E4345-468B-4B0D-A6E4-B093F8214D21}.Debug|Any CPU.Build.0 = Debug|Any CPU
		{740E4345-468B-4B0D-A6E4-B093F8214D21}.Release|Any CPU.ActiveCfg = Release|Any CPU
		{740E4345-468B-4B0D-A6E4-B093F8214D21}.Release|Any CPU.Build.0 = Release|Any CPU
		{2B1EC33B-AF77-49EE-B385-BE6FC3C6CE93}.Debug|Any CPU.ActiveCfg = Debug|Any CPU
		{2B1EC33B-AF77-49EE-B385-BE6FC3C6CE93}.Debug|Any CPU.Build.0 = Debug|Any CPU
		{2B1EC33B-AF77-49EE-B385-BE6FC3C6CE93}.Release|Any CPU.ActiveCfg = Release|Any CPU
		{2B1EC33B-AF77-49EE-B385-BE6FC3C6CE93}.Release|Any CPU.Build.0 = Release|Any CPU
		{5F941B1D-49CD-41E1-8CB3-B6B36760CF17}.Debug|Any CPU.ActiveCfg = Debug|Any CPU
		{5F941B1D-49CD-41E1-8CB3-B6B36760CF17}.Debug|Any CPU.Build.0 = Debug|Any CPU
		{5F941B1D-49CD-41E1-8CB3-B6B36760CF17}.Release|Any CPU.ActiveCfg = Release|Any CPU
		{5F941B1D-49CD-41E1-8CB3-B6B36760CF17}.Release|Any CPU.Build.0 = Release|Any CPU
		{50162030-708A-40D6-88C7-549C98605375}.Debug|Any CPU.ActiveCfg = Debug|Any CPU
		{50162030-708A-40D6-88C7-549C98605375}.Debug|Any CPU.Build.0 = Debug|Any CPU
		{50162030-708A-40D6-88C7-549C98605375}.Release|Any CPU.ActiveCfg = Release|Any CPU
		{50162030-708A-40D6-88C7-549C98605375}.Release|Any CPU.Build.0 = Release|Any CPU
		{31E5AA1D-76BB-45FB-AFFF-8D89394EC96C}.Debug|Any CPU.ActiveCfg = Debug|Any CPU
		{31E5AA1D-76BB-45FB-AFFF-8D89394EC96C}.Debug|Any CPU.Build.0 = Debug|Any CPU
		{31E5AA1D-76BB-45FB-AFFF-8D89394EC96C}.Release|Any CPU.ActiveCfg = Release|Any CPU
		{31E5AA1D-76BB-45FB-AFFF-8D89394EC96C}.Release|Any CPU.Build.0 = Release|Any CPU
		{AD60A647-7C3A-49A9-814E-EABEA8BCCBD0}.Debug|Any CPU.ActiveCfg = Debug|Any CPU
		{AD60A647-7C3A-49A9-814E-EABEA8BCCBD0}.Debug|Any CPU.Build.0 = Debug|Any CPU
		{AD60A647-7C3A-49A9-814E-EABEA8BCCBD0}.Release|Any CPU.ActiveCfg = Release|Any CPU
		{AD60A647-7C3A-49A9-814E-EABEA8BCCBD0}.Release|Any CPU.Build.0 = Release|Any CPU
		{7C161D1C-AC8A-4454-A542-4D812AFE5D7B}.Debug|Any CPU.ActiveCfg = Debug|Any CPU
		{7C161D1C-AC8A-4454-A542-4D812AFE5D7B}.Debug|Any CPU.Build.0 = Debug|Any CPU
		{7C161D1C-AC8A-4454-A542-4D812AFE5D7B}.Release|Any CPU.ActiveCfg = Release|Any CPU
		{7C161D1C-AC8A-4454-A542-4D812AFE5D7B}.Release|Any CPU.Build.0 = Release|Any CPU
		{B23C439A-11FE-49E4-961B-EAC1C569825A}.Debug|Any CPU.ActiveCfg = Debug|Any CPU
		{B23C439A-11FE-49E4-961B-EAC1C569825A}.Debug|Any CPU.Build.0 = Debug|Any CPU
		{B23C439A-11FE-49E4-961B-EAC1C569825A}.Release|Any CPU.ActiveCfg = Release|Any CPU
		{B23C439A-11FE-49E4-961B-EAC1C569825A}.Release|Any CPU.Build.0 = Release|Any CPU
		{03E3AF12-131F-4AEC-B477-1BD17D75D9C7}.Debug|Any CPU.ActiveCfg = Debug|Any CPU
		{03E3AF12-131F-4AEC-B477-1BD17D75D9C7}.Debug|Any CPU.Build.0 = Debug|Any CPU
		{03E3AF12-131F-4AEC-B477-1BD17D75D9C7}.Release|Any CPU.ActiveCfg = Release|Any CPU
		{03E3AF12-131F-4AEC-B477-1BD17D75D9C7}.Release|Any CPU.Build.0 = Release|Any CPU
		{E874DF8F-ECBB-4442-AA8B-645CCC65C844}.Debug|Any CPU.ActiveCfg = Debug|Any CPU
		{E874DF8F-ECBB-4442-AA8B-645CCC65C844}.Debug|Any CPU.Build.0 = Debug|Any CPU
		{E874DF8F-ECBB-4442-AA8B-645CCC65C844}.Release|Any CPU.ActiveCfg = Release|Any CPU
		{E874DF8F-ECBB-4442-AA8B-645CCC65C844}.Release|Any CPU.Build.0 = Release|Any CPU
		{46010FE1-77A5-4A03-907E-1B02862E2545}.Debug|Any CPU.ActiveCfg = Debug|Any CPU
		{46010FE1-77A5-4A03-907E-1B02862E2545}.Debug|Any CPU.Build.0 = Debug|Any CPU
		{46010FE1-77A5-4A03-907E-1B02862E2545}.Release|Any CPU.ActiveCfg = Release|Any CPU
		{46010FE1-77A5-4A03-907E-1B02862E2545}.Release|Any CPU.Build.0 = Release|Any CPU
	EndGlobalSection
	GlobalSection(SolutionProperties) = preSolution
		HideSolutionNode = FALSE
	EndGlobalSection
	GlobalSection(NestedProjects) = preSolution
		{EB0C357F-3DF2-4251-86E2-40CEBA9D9626} = {5CED7BE4-6F34-4FE1-9F8D-C1AC1D9C265F}
		{F353DC17-B2F7-4E30-BA7D-CE01581248EF} = {5CED7BE4-6F34-4FE1-9F8D-C1AC1D9C265F}
		{3CF36CFB-8D1D-48AB-8DEF-6F8C3994F930} = {5CED7BE4-6F34-4FE1-9F8D-C1AC1D9C265F}
		{F0A11F6D-D324-4A8C-ABC7-7B13D11630B8} = {5CED7BE4-6F34-4FE1-9F8D-C1AC1D9C265F}
		{E1EC542B-FA14-485D-9E88-7DF706531427} = {5CED7BE4-6F34-4FE1-9F8D-C1AC1D9C265F}
		{3C43643E-B62B-41DF-8C26-B546EDE6AEAF} = {5CED7BE4-6F34-4FE1-9F8D-C1AC1D9C265F}
		{07A1C05D-D6A6-4C38-984F-8AE946062E2A} = {CF8F86BF-AE8A-4D71-A400-350ACF7B95A6}
		{740E4345-468B-4B0D-A6E4-B093F8214D21} = {CF8F86BF-AE8A-4D71-A400-350ACF7B95A6}
		{2B1EC33B-AF77-49EE-B385-BE6FC3C6CE93} = {CF8F86BF-AE8A-4D71-A400-350ACF7B95A6}
		{5F941B1D-49CD-41E1-8CB3-B6B36760CF17} = {CF8F86BF-AE8A-4D71-A400-350ACF7B95A6}
		{50162030-708A-40D6-88C7-549C98605375} = {CF8F86BF-AE8A-4D71-A400-350ACF7B95A6}
		{31E5AA1D-76BB-45FB-AFFF-8D89394EC96C} = {CF8F86BF-AE8A-4D71-A400-350ACF7B95A6}
		{AD60A647-7C3A-49A9-814E-EABEA8BCCBD0} = {11BFFB72-786F-4124-9BD5-A70A21D02241}
		{7C161D1C-AC8A-4454-A542-4D812AFE5D7B} = {11BFFB72-786F-4124-9BD5-A70A21D02241}
		{B23C439A-11FE-49E4-961B-EAC1C569825A} = {11BFFB72-786F-4124-9BD5-A70A21D02241}
		{03E3AF12-131F-4AEC-B477-1BD17D75D9C7} = {11BFFB72-786F-4124-9BD5-A70A21D02241}
		{E874DF8F-ECBB-4442-AA8B-645CCC65C844} = {C4CBA0CC-4C00-4FAF-9C21-87089EE03CB1}
		{46010FE1-77A5-4A03-907E-1B02862E2545} = {2DCD83F2-0708-40D8-A913-78C9251ABDEC}
	EndGlobalSection
	GlobalSection(ExtensibilityGlobals) = postSolution
		SolutionGuid = {CFDD0F1B-1AFC-4E5D-89FE-AD10748DB3CA}
	EndGlobalSection
EndGlobal
