
Microsoft Visual Studio Solution File, Format Version 12.00
# Visual Studio Version 17
VisualStudioVersion = 17.5.33627.172
MinimumVisualStudioVersion = 10.0.40219.1
Project("{FAE04EC0-301F-11D3-BF4B-00C04F79EFBC}") = "Playground", "Playground\Playground.csproj", "{07FE007F-523C-486D-938A-75312EC9AF42}"
EndProject
Project("{FAE04EC0-301F-11D3-BF4B-00C04F79EFBC}") = "Life", "Defining classes\Life\Life.csproj", "{EB0C357F-3DF2-4251-86E2-40CEBA9D9626}"
EndProject
Project("{2150E333-8FDC-42A3-9474-1A3956D46DE8}") = "Defining classes", "Defining classes", "{5CED7BE4-6F34-4FE1-9F8D-C1AC1D9C265F}"
EndProject
Global
	GlobalSection(SolutionConfigurationPlatforms) = preSolution
		Debug|Any CPU = Debug|Any CPU
		Release|Any CPU = Release|Any CPU
	EndGlobalSection
	GlobalSection(ProjectConfigurationPlatforms) = postSolution
		{07FE007F-523C-486D-938A-75312EC9AF42}.Debug|Any CPU.ActiveCfg = Debug|Any CPU
		{07FE007F-523C-486D-938A-75312EC9AF42}.Debug|Any CPU.Build.0 = Debug|Any CPU
		{07FE007F-523C-486D-938A-75312EC9AF42}.Release|Any CPU.ActiveCfg = Release|Any CPU
		{07FE007F-523C-486D-938A-75312EC9AF42}.Release|Any CPU.Build.0 = Release|Any CPU
		{EB0C357F-3DF2-4251-86E2-40CEBA9D9626}.Debug|Any CPU.ActiveCfg = Debug|Any CPU
		{EB0C357F-3DF2-4251-86E2-40CEBA9D9626}.Debug|Any CPU.Build.0 = Debug|Any CPU
		{EB0C357F-3DF2-4251-86E2-40CEBA9D9626}.Release|Any CPU.ActiveCfg = Release|Any CPU
		{EB0C357F-3DF2-4251-86E2-40CEBA9D9626}.Release|Any CPU.Build.0 = Release|Any CPU
	EndGlobalSection
	GlobalSection(SolutionProperties) = preSolution
		HideSolutionNode = FALSE
	EndGlobalSection
	GlobalSection(NestedProjects) = preSolution
		{EB0C357F-3DF2-4251-86E2-40CEBA9D9626} = {5CED7BE4-6F34-4FE1-9F8D-C1AC1D9C265F}
	EndGlobalSection
	GlobalSection(ExtensibilityGlobals) = postSolution
		SolutionGuid = {CFDD0F1B-1AFC-4E5D-89FE-AD10748DB3CA}
	EndGlobalSection
EndGlobal
