
Microsoft Visual Studio Solution File, Format Version 12.00
# Visual Studio Version 17
VisualStudioVersion = 17.3.32929.385
MinimumVisualStudioVersion = 10.0.40219.1
Project("{9A19103F-16F7-4668-BE54-9A1E7A4F7556}") = "HelloWorld", "Introduction\HelloWorld\HelloWorld.csproj", "{A0B8E9FE-8FB4-46EA-95CA-81061B053821}"
EndProject
Project("{9A19103F-16F7-4668-BE54-9A1E7A4F7556}") = "Nums1To20", "Introduction\Nums1To20\Nums1To20.csproj", "{4598507E-405C-4279-A00B-F61F7754FE08}"
EndProject
Project("{9A19103F-16F7-4668-BE54-9A1E7A4F7556}") = "TriangleOf55Stars", "Introduction\TriangleOf55Stars\TriangleOf55Stars.csproj", "{03EE2386-17E9-451A-AC87-F83F874F20C0}"
EndProject
Project("{9A19103F-16F7-4668-BE54-9A1E7A4F7556}") = "RectangleSquare", "Introduction\RectangleSquare\RectangleSquare.csproj", "{078271C7-FD10-467E-B3CD-A35B8AEEE41A}"
EndProject
Project("{9A19103F-16F7-4668-BE54-9A1E7A4F7556}") = "SquareOfNStars", "Introduction\SquareOfNStars\SquareOfNStars.csproj", "{2A7CF7B8-FA1C-4A62-AB4E-60583C463F90}"
EndProject
Project("{2150E333-8FDC-42A3-9474-1A3956D46DE8}") = "Introduction", "Introduction", "{A16C2F28-CA64-4C83-AC2A-FFD7F5F81B27}"
EndProject
Project("{9A19103F-16F7-4668-BE54-9A1E7A4F7556}") = "SquareArea", "Introduction\SquareArea\SquareArea.csproj", "{CF15B513-1FA2-4611-AF58-AF2172620A75}"
EndProject
Project("{9A19103F-16F7-4668-BE54-9A1E7A4F7556}") = "InchesToCentimeters", "Introduction\InchesToCentimeters\InchesToCentimeters.csproj", "{47467CF0-13E4-49F9-8DC5-230DE29D05E8}"
EndProject
Project("{9A19103F-16F7-4668-BE54-9A1E7A4F7556}") = "Greeting", "Introduction\Greeting\Greeting.csproj", "{2B2FDA69-B157-4296-908F-C5F820BA6197}"
EndProject
Project("{9A19103F-16F7-4668-BE54-9A1E7A4F7556}") = "ConcatenateData", "Introduction\ConcatenateData\ConcatenateData.csproj", "{C7BADC06-1910-495D-A6C7-D430684087AD}"
EndProject
Project("{9A19103F-16F7-4668-BE54-9A1E7A4F7556}") = "CelsiusToFahrenheit", "Introduction\CelsiusToFahrenheit\CelsiusToFahrenheit.csproj", "{9511B0BC-897D-4681-966E-4DB2C8F78FBE}"
EndProject
Project("{9A19103F-16F7-4668-BE54-9A1E7A4F7556}") = "RadiansToDegrees", "Introduction\RadiansToDegrees\RadiansToDegrees.csproj", "{024B5BFB-2B91-41A4-9C29-87F2FB55B376}"
EndProject
Project("{9A19103F-16F7-4668-BE54-9A1E7A4F7556}") = "TrapezoidArea", "Introduction\TrapezoidArea\TrapezoidArea.csproj", "{75ED9157-FCC6-46A4-A31B-9CD06AE353BA}"
EndProject
Project("{9A19103F-16F7-4668-BE54-9A1E7A4F7556}") = "UsdToBgn", "Introduction\UsdToBgn\UsdToBgn.csproj", "{A4D82DA0-771B-4D44-9248-F526CDB8DF4B}"
EndProject
Project("{9A19103F-16F7-4668-BE54-9A1E7A4F7556}") = "CircleAreaPerimeter", "Introduction\CircleAreaPerimeter\CircleAreaPerimeter.csproj", "{CEC35869-4B42-4817-B825-D2118F389222}"
EndProject
Project("{9A19103F-16F7-4668-BE54-9A1E7A4F7556}") = "RectangleArea", "Introduction\RectangleArea\RectangleArea.csproj", "{8D065939-B370-4C6A-98E1-2ED8888F4FD8}"
EndProject
Project("{9A19103F-16F7-4668-BE54-9A1E7A4F7556}") = "TriangleArea", "Introduction\TriangleArea\TriangleArea.csproj", "{AFD390C4-AFB9-45A2-BE1B-DBE136E02956}"
EndProject
Project("{9A19103F-16F7-4668-BE54-9A1E7A4F7556}") = "ConvertMoney", "Introduction\ConvertMoney\ConvertMoney.csproj", "{BF90878A-6C2E-482C-ABAD-0E4FDA4D280E}"
EndProject
Project("{9A19103F-16F7-4668-BE54-9A1E7A4F7556}") = "1000Days", "Introduction\1000Days\1000Days.csproj", "{BF79E857-DA60-49D3-836D-B74B54E24A8E}"
EndProject
Project("{2150E333-8FDC-42A3-9474-1A3956D46DE8}") = "Conditional constructions", "Conditional constructions", "{A06B7C04-84B2-41EB-B268-70D6A7E8E182}"
EndProject
Project("{FAE04EC0-301F-11D3-BF4B-00C04F79EFBC}") = "ExcellentResult", "Conditional constructions\ExcellentResult\ExcellentResult.csproj", "{CB169ECF-D3CE-4CB6-B499-8995FF1C5FC3}"
EndProject
Project("{FAE04EC0-301F-11D3-BF4B-00C04F79EFBC}") = "ExcellentOrNot", "Conditional constructions\ExcellentOrNot\ExcellentOrNot.csproj", "{ABC33F3A-8AD5-4900-89E3-AE257D4D3567}"
EndProject
Project("{FAE04EC0-301F-11D3-BF4B-00C04F79EFBC}") = "OddOrEven", "Conditional constructions\OddOrEven\OddOrEven.csproj", "{06EFE9B5-404A-441B-920B-EF404A542E60}"
EndProject
Project("{FAE04EC0-301F-11D3-BF4B-00C04F79EFBC}") = "MaxOf2", "Conditional constructions\MaxOf2\MaxOf2.csproj", "{7310C822-7A8B-48F7-BE47-74372220FE65}"
EndProject
Project("{FAE04EC0-301F-11D3-BF4B-00C04F79EFBC}") = "GuessPassword", "Conditional constructions\GuessPassword\GuessPassword.csproj", "{559A5D7D-CAC3-4466-BD3D-6F00EDB53153}"
EndProject
Project("{FAE04EC0-301F-11D3-BF4B-00C04F79EFBC}") = "SameWords", "Conditional constructions\SameWords\SameWords.csproj", "{DC23415A-112F-4782-979B-2604AD2B46ED}"
EndProject
Project("{FAE04EC0-301F-11D3-BF4B-00C04F79EFBC}") = "Add15ToTime", "Conditional constructions\Add15ToTime\Add15ToTime.csproj", "{2ADA50AA-F670-4D58-9905-8E2815B558ED}"
EndProject
Project("{FAE04EC0-301F-11D3-BF4B-00C04F79EFBC}") = "ThreeEqualNumbers", "Conditional constructions\ThreeEqualNumbers\ThreeEqualNumbers.csproj", "{2B1B0178-FA0F-46FA-BCF8-DC370178FAEF}"
EndProject
Project("{FAE04EC0-301F-11D3-BF4B-00C04F79EFBC}") = "NumberToWords", "Conditional constructions\NumberToWords\NumberToWords.csproj", "{32E6D667-D11E-43A8-B023-B8463CA9BE2A}"
EndProject
Project("{FAE04EC0-301F-11D3-BF4B-00C04F79EFBC}") = "BonusPoints", "Conditional constructions\BonusPoints\BonusPoints.csproj", "{0EE7E6E0-8BFB-4417-8332-C1ACBAF4C2F9}"
EndProject
Project("{FAE04EC0-301F-11D3-BF4B-00C04F79EFBC}") = "SumOfSeconds", "Conditional constructions\SumOfSeconds\SumOfSeconds.csproj", "{A3E7D55B-AB7E-4009-ADD1-A92C351DD6BE}"
EndProject
Project("{FAE04EC0-301F-11D3-BF4B-00C04F79EFBC}") = "UnitConverter", "Conditional constructions\UnitConverter\UnitConverter.csproj", "{E3257BB1-1851-44B5-8F1A-920B72C43102}"
EndProject
Project("{FAE04EC0-301F-11D3-BF4B-00C04F79EFBC}") = "NumberBetween100And200", "Conditional constructions\NumberBetween100And200\NumberBetween100And200.csproj", "{3760E843-E832-4DF2-BF5C-9FD7429689D6}"
EndProject
Project("{FAE04EC0-301F-11D3-BF4B-00C04F79EFBC}") = "SpeedInfo", "Conditional constructions\SpeedInfo\SpeedInfo.csproj", "{2AFBD52F-1082-4CFD-9438-3BD585B71FB1}"
EndProject
Project("{FAE04EC0-301F-11D3-BF4B-00C04F79EFBC}") = "FigureArea", "Conditional constructions\FigureArea\FigureArea.csproj", "{30FDE2B9-72F0-4C98-9DA1-F48D79281273}"
EndProject
Project("{FAE04EC0-301F-11D3-BF4B-00C04F79EFBC}") = "NumberToWords100", "Conditional constructions\NumberToWords100\NumberToWords100.csproj", "{834DCABB-58D4-4B11-B5DE-941415132F74}"
EndProject
Global
	GlobalSection(SolutionConfigurationPlatforms) = preSolution
		Debug|Any CPU = Debug|Any CPU
		Release|Any CPU = Release|Any CPU
	EndGlobalSection
	GlobalSection(ProjectConfigurationPlatforms) = postSolution
		{A0B8E9FE-8FB4-46EA-95CA-81061B053821}.Debug|Any CPU.ActiveCfg = Debug|Any CPU
		{A0B8E9FE-8FB4-46EA-95CA-81061B053821}.Debug|Any CPU.Build.0 = Debug|Any CPU
		{A0B8E9FE-8FB4-46EA-95CA-81061B053821}.Release|Any CPU.ActiveCfg = Release|Any CPU
		{A0B8E9FE-8FB4-46EA-95CA-81061B053821}.Release|Any CPU.Build.0 = Release|Any CPU
		{4598507E-405C-4279-A00B-F61F7754FE08}.Debug|Any CPU.ActiveCfg = Debug|Any CPU
		{4598507E-405C-4279-A00B-F61F7754FE08}.Debug|Any CPU.Build.0 = Debug|Any CPU
		{4598507E-405C-4279-A00B-F61F7754FE08}.Release|Any CPU.ActiveCfg = Release|Any CPU
		{4598507E-405C-4279-A00B-F61F7754FE08}.Release|Any CPU.Build.0 = Release|Any CPU
		{03EE2386-17E9-451A-AC87-F83F874F20C0}.Debug|Any CPU.ActiveCfg = Debug|Any CPU
		{03EE2386-17E9-451A-AC87-F83F874F20C0}.Debug|Any CPU.Build.0 = Debug|Any CPU
		{03EE2386-17E9-451A-AC87-F83F874F20C0}.Release|Any CPU.ActiveCfg = Release|Any CPU
		{03EE2386-17E9-451A-AC87-F83F874F20C0}.Release|Any CPU.Build.0 = Release|Any CPU
		{078271C7-FD10-467E-B3CD-A35B8AEEE41A}.Debug|Any CPU.ActiveCfg = Debug|Any CPU
		{078271C7-FD10-467E-B3CD-A35B8AEEE41A}.Debug|Any CPU.Build.0 = Debug|Any CPU
		{078271C7-FD10-467E-B3CD-A35B8AEEE41A}.Release|Any CPU.ActiveCfg = Release|Any CPU
		{078271C7-FD10-467E-B3CD-A35B8AEEE41A}.Release|Any CPU.Build.0 = Release|Any CPU
		{2A7CF7B8-FA1C-4A62-AB4E-60583C463F90}.Debug|Any CPU.ActiveCfg = Debug|Any CPU
		{2A7CF7B8-FA1C-4A62-AB4E-60583C463F90}.Debug|Any CPU.Build.0 = Debug|Any CPU
		{2A7CF7B8-FA1C-4A62-AB4E-60583C463F90}.Release|Any CPU.ActiveCfg = Release|Any CPU
		{2A7CF7B8-FA1C-4A62-AB4E-60583C463F90}.Release|Any CPU.Build.0 = Release|Any CPU
		{CF15B513-1FA2-4611-AF58-AF2172620A75}.Debug|Any CPU.ActiveCfg = Debug|Any CPU
		{CF15B513-1FA2-4611-AF58-AF2172620A75}.Debug|Any CPU.Build.0 = Debug|Any CPU
		{CF15B513-1FA2-4611-AF58-AF2172620A75}.Release|Any CPU.ActiveCfg = Release|Any CPU
		{CF15B513-1FA2-4611-AF58-AF2172620A75}.Release|Any CPU.Build.0 = Release|Any CPU
		{47467CF0-13E4-49F9-8DC5-230DE29D05E8}.Debug|Any CPU.ActiveCfg = Debug|Any CPU
		{47467CF0-13E4-49F9-8DC5-230DE29D05E8}.Debug|Any CPU.Build.0 = Debug|Any CPU
		{47467CF0-13E4-49F9-8DC5-230DE29D05E8}.Release|Any CPU.ActiveCfg = Release|Any CPU
		{47467CF0-13E4-49F9-8DC5-230DE29D05E8}.Release|Any CPU.Build.0 = Release|Any CPU
		{2B2FDA69-B157-4296-908F-C5F820BA6197}.Debug|Any CPU.ActiveCfg = Debug|Any CPU
		{2B2FDA69-B157-4296-908F-C5F820BA6197}.Debug|Any CPU.Build.0 = Debug|Any CPU
		{2B2FDA69-B157-4296-908F-C5F820BA6197}.Release|Any CPU.ActiveCfg = Release|Any CPU
		{2B2FDA69-B157-4296-908F-C5F820BA6197}.Release|Any CPU.Build.0 = Release|Any CPU
		{C7BADC06-1910-495D-A6C7-D430684087AD}.Debug|Any CPU.ActiveCfg = Debug|Any CPU
		{C7BADC06-1910-495D-A6C7-D430684087AD}.Debug|Any CPU.Build.0 = Debug|Any CPU
		{C7BADC06-1910-495D-A6C7-D430684087AD}.Release|Any CPU.ActiveCfg = Release|Any CPU
		{C7BADC06-1910-495D-A6C7-D430684087AD}.Release|Any CPU.Build.0 = Release|Any CPU
		{9511B0BC-897D-4681-966E-4DB2C8F78FBE}.Debug|Any CPU.ActiveCfg = Debug|Any CPU
		{9511B0BC-897D-4681-966E-4DB2C8F78FBE}.Debug|Any CPU.Build.0 = Debug|Any CPU
		{9511B0BC-897D-4681-966E-4DB2C8F78FBE}.Release|Any CPU.ActiveCfg = Release|Any CPU
		{9511B0BC-897D-4681-966E-4DB2C8F78FBE}.Release|Any CPU.Build.0 = Release|Any CPU
		{024B5BFB-2B91-41A4-9C29-87F2FB55B376}.Debug|Any CPU.ActiveCfg = Debug|Any CPU
		{024B5BFB-2B91-41A4-9C29-87F2FB55B376}.Debug|Any CPU.Build.0 = Debug|Any CPU
		{024B5BFB-2B91-41A4-9C29-87F2FB55B376}.Release|Any CPU.ActiveCfg = Release|Any CPU
		{024B5BFB-2B91-41A4-9C29-87F2FB55B376}.Release|Any CPU.Build.0 = Release|Any CPU
		{75ED9157-FCC6-46A4-A31B-9CD06AE353BA}.Debug|Any CPU.ActiveCfg = Debug|Any CPU
		{75ED9157-FCC6-46A4-A31B-9CD06AE353BA}.Debug|Any CPU.Build.0 = Debug|Any CPU
		{75ED9157-FCC6-46A4-A31B-9CD06AE353BA}.Release|Any CPU.ActiveCfg = Release|Any CPU
		{75ED9157-FCC6-46A4-A31B-9CD06AE353BA}.Release|Any CPU.Build.0 = Release|Any CPU
		{A4D82DA0-771B-4D44-9248-F526CDB8DF4B}.Debug|Any CPU.ActiveCfg = Debug|Any CPU
		{A4D82DA0-771B-4D44-9248-F526CDB8DF4B}.Debug|Any CPU.Build.0 = Debug|Any CPU
		{A4D82DA0-771B-4D44-9248-F526CDB8DF4B}.Release|Any CPU.ActiveCfg = Release|Any CPU
		{A4D82DA0-771B-4D44-9248-F526CDB8DF4B}.Release|Any CPU.Build.0 = Release|Any CPU
		{CEC35869-4B42-4817-B825-D2118F389222}.Debug|Any CPU.ActiveCfg = Debug|Any CPU
		{CEC35869-4B42-4817-B825-D2118F389222}.Debug|Any CPU.Build.0 = Debug|Any CPU
		{CEC35869-4B42-4817-B825-D2118F389222}.Release|Any CPU.ActiveCfg = Release|Any CPU
		{CEC35869-4B42-4817-B825-D2118F389222}.Release|Any CPU.Build.0 = Release|Any CPU
		{8D065939-B370-4C6A-98E1-2ED8888F4FD8}.Debug|Any CPU.ActiveCfg = Debug|Any CPU
		{8D065939-B370-4C6A-98E1-2ED8888F4FD8}.Debug|Any CPU.Build.0 = Debug|Any CPU
		{8D065939-B370-4C6A-98E1-2ED8888F4FD8}.Release|Any CPU.ActiveCfg = Release|Any CPU
		{8D065939-B370-4C6A-98E1-2ED8888F4FD8}.Release|Any CPU.Build.0 = Release|Any CPU
		{AFD390C4-AFB9-45A2-BE1B-DBE136E02956}.Debug|Any CPU.ActiveCfg = Debug|Any CPU
		{AFD390C4-AFB9-45A2-BE1B-DBE136E02956}.Debug|Any CPU.Build.0 = Debug|Any CPU
		{AFD390C4-AFB9-45A2-BE1B-DBE136E02956}.Release|Any CPU.ActiveCfg = Release|Any CPU
		{AFD390C4-AFB9-45A2-BE1B-DBE136E02956}.Release|Any CPU.Build.0 = Release|Any CPU
		{BF90878A-6C2E-482C-ABAD-0E4FDA4D280E}.Debug|Any CPU.ActiveCfg = Debug|Any CPU
		{BF90878A-6C2E-482C-ABAD-0E4FDA4D280E}.Debug|Any CPU.Build.0 = Debug|Any CPU
		{BF90878A-6C2E-482C-ABAD-0E4FDA4D280E}.Release|Any CPU.ActiveCfg = Release|Any CPU
		{BF90878A-6C2E-482C-ABAD-0E4FDA4D280E}.Release|Any CPU.Build.0 = Release|Any CPU
		{BF79E857-DA60-49D3-836D-B74B54E24A8E}.Debug|Any CPU.ActiveCfg = Debug|Any CPU
		{BF79E857-DA60-49D3-836D-B74B54E24A8E}.Debug|Any CPU.Build.0 = Debug|Any CPU
		{BF79E857-DA60-49D3-836D-B74B54E24A8E}.Release|Any CPU.ActiveCfg = Release|Any CPU
		{BF79E857-DA60-49D3-836D-B74B54E24A8E}.Release|Any CPU.Build.0 = Release|Any CPU
		{CB169ECF-D3CE-4CB6-B499-8995FF1C5FC3}.Debug|Any CPU.ActiveCfg = Debug|Any CPU
		{CB169ECF-D3CE-4CB6-B499-8995FF1C5FC3}.Debug|Any CPU.Build.0 = Debug|Any CPU
		{CB169ECF-D3CE-4CB6-B499-8995FF1C5FC3}.Release|Any CPU.ActiveCfg = Release|Any CPU
		{CB169ECF-D3CE-4CB6-B499-8995FF1C5FC3}.Release|Any CPU.Build.0 = Release|Any CPU
		{ABC33F3A-8AD5-4900-89E3-AE257D4D3567}.Debug|Any CPU.ActiveCfg = Debug|Any CPU
		{ABC33F3A-8AD5-4900-89E3-AE257D4D3567}.Debug|Any CPU.Build.0 = Debug|Any CPU
		{ABC33F3A-8AD5-4900-89E3-AE257D4D3567}.Release|Any CPU.ActiveCfg = Release|Any CPU
		{ABC33F3A-8AD5-4900-89E3-AE257D4D3567}.Release|Any CPU.Build.0 = Release|Any CPU
		{06EFE9B5-404A-441B-920B-EF404A542E60}.Debug|Any CPU.ActiveCfg = Debug|Any CPU
		{06EFE9B5-404A-441B-920B-EF404A542E60}.Debug|Any CPU.Build.0 = Debug|Any CPU
		{06EFE9B5-404A-441B-920B-EF404A542E60}.Release|Any CPU.ActiveCfg = Release|Any CPU
		{06EFE9B5-404A-441B-920B-EF404A542E60}.Release|Any CPU.Build.0 = Release|Any CPU
		{7310C822-7A8B-48F7-BE47-74372220FE65}.Debug|Any CPU.ActiveCfg = Debug|Any CPU
		{7310C822-7A8B-48F7-BE47-74372220FE65}.Debug|Any CPU.Build.0 = Debug|Any CPU
		{7310C822-7A8B-48F7-BE47-74372220FE65}.Release|Any CPU.ActiveCfg = Release|Any CPU
		{7310C822-7A8B-48F7-BE47-74372220FE65}.Release|Any CPU.Build.0 = Release|Any CPU
		{559A5D7D-CAC3-4466-BD3D-6F00EDB53153}.Debug|Any CPU.ActiveCfg = Debug|Any CPU
		{559A5D7D-CAC3-4466-BD3D-6F00EDB53153}.Debug|Any CPU.Build.0 = Debug|Any CPU
		{559A5D7D-CAC3-4466-BD3D-6F00EDB53153}.Release|Any CPU.ActiveCfg = Release|Any CPU
		{559A5D7D-CAC3-4466-BD3D-6F00EDB53153}.Release|Any CPU.Build.0 = Release|Any CPU
		{DC23415A-112F-4782-979B-2604AD2B46ED}.Debug|Any CPU.ActiveCfg = Debug|Any CPU
		{DC23415A-112F-4782-979B-2604AD2B46ED}.Debug|Any CPU.Build.0 = Debug|Any CPU
		{DC23415A-112F-4782-979B-2604AD2B46ED}.Release|Any CPU.ActiveCfg = Release|Any CPU
		{DC23415A-112F-4782-979B-2604AD2B46ED}.Release|Any CPU.Build.0 = Release|Any CPU
		{2ADA50AA-F670-4D58-9905-8E2815B558ED}.Debug|Any CPU.ActiveCfg = Debug|Any CPU
		{2ADA50AA-F670-4D58-9905-8E2815B558ED}.Debug|Any CPU.Build.0 = Debug|Any CPU
		{2ADA50AA-F670-4D58-9905-8E2815B558ED}.Release|Any CPU.ActiveCfg = Release|Any CPU
		{2ADA50AA-F670-4D58-9905-8E2815B558ED}.Release|Any CPU.Build.0 = Release|Any CPU
		{2B1B0178-FA0F-46FA-BCF8-DC370178FAEF}.Debug|Any CPU.ActiveCfg = Debug|Any CPU
		{2B1B0178-FA0F-46FA-BCF8-DC370178FAEF}.Debug|Any CPU.Build.0 = Debug|Any CPU
		{2B1B0178-FA0F-46FA-BCF8-DC370178FAEF}.Release|Any CPU.ActiveCfg = Release|Any CPU
		{2B1B0178-FA0F-46FA-BCF8-DC370178FAEF}.Release|Any CPU.Build.0 = Release|Any CPU
		{32E6D667-D11E-43A8-B023-B8463CA9BE2A}.Debug|Any CPU.ActiveCfg = Debug|Any CPU
		{32E6D667-D11E-43A8-B023-B8463CA9BE2A}.Debug|Any CPU.Build.0 = Debug|Any CPU
		{32E6D667-D11E-43A8-B023-B8463CA9BE2A}.Release|Any CPU.ActiveCfg = Release|Any CPU
		{32E6D667-D11E-43A8-B023-B8463CA9BE2A}.Release|Any CPU.Build.0 = Release|Any CPU
		{0EE7E6E0-8BFB-4417-8332-C1ACBAF4C2F9}.Debug|Any CPU.ActiveCfg = Debug|Any CPU
		{0EE7E6E0-8BFB-4417-8332-C1ACBAF4C2F9}.Debug|Any CPU.Build.0 = Debug|Any CPU
		{0EE7E6E0-8BFB-4417-8332-C1ACBAF4C2F9}.Release|Any CPU.ActiveCfg = Release|Any CPU
		{0EE7E6E0-8BFB-4417-8332-C1ACBAF4C2F9}.Release|Any CPU.Build.0 = Release|Any CPU
		{A3E7D55B-AB7E-4009-ADD1-A92C351DD6BE}.Debug|Any CPU.ActiveCfg = Debug|Any CPU
		{A3E7D55B-AB7E-4009-ADD1-A92C351DD6BE}.Debug|Any CPU.Build.0 = Debug|Any CPU
		{A3E7D55B-AB7E-4009-ADD1-A92C351DD6BE}.Release|Any CPU.ActiveCfg = Release|Any CPU
		{A3E7D55B-AB7E-4009-ADD1-A92C351DD6BE}.Release|Any CPU.Build.0 = Release|Any CPU
		{E3257BB1-1851-44B5-8F1A-920B72C43102}.Debug|Any CPU.ActiveCfg = Debug|Any CPU
		{E3257BB1-1851-44B5-8F1A-920B72C43102}.Debug|Any CPU.Build.0 = Debug|Any CPU
		{E3257BB1-1851-44B5-8F1A-920B72C43102}.Release|Any CPU.ActiveCfg = Release|Any CPU
		{E3257BB1-1851-44B5-8F1A-920B72C43102}.Release|Any CPU.Build.0 = Release|Any CPU
		{3760E843-E832-4DF2-BF5C-9FD7429689D6}.Debug|Any CPU.ActiveCfg = Debug|Any CPU
		{3760E843-E832-4DF2-BF5C-9FD7429689D6}.Debug|Any CPU.Build.0 = Debug|Any CPU
		{3760E843-E832-4DF2-BF5C-9FD7429689D6}.Release|Any CPU.ActiveCfg = Release|Any CPU
		{3760E843-E832-4DF2-BF5C-9FD7429689D6}.Release|Any CPU.Build.0 = Release|Any CPU
		{2AFBD52F-1082-4CFD-9438-3BD585B71FB1}.Debug|Any CPU.ActiveCfg = Debug|Any CPU
		{2AFBD52F-1082-4CFD-9438-3BD585B71FB1}.Debug|Any CPU.Build.0 = Debug|Any CPU
		{2AFBD52F-1082-4CFD-9438-3BD585B71FB1}.Release|Any CPU.ActiveCfg = Release|Any CPU
		{2AFBD52F-1082-4CFD-9438-3BD585B71FB1}.Release|Any CPU.Build.0 = Release|Any CPU
		{30FDE2B9-72F0-4C98-9DA1-F48D79281273}.Debug|Any CPU.ActiveCfg = Debug|Any CPU
		{30FDE2B9-72F0-4C98-9DA1-F48D79281273}.Debug|Any CPU.Build.0 = Debug|Any CPU
		{30FDE2B9-72F0-4C98-9DA1-F48D79281273}.Release|Any CPU.ActiveCfg = Release|Any CPU
		{30FDE2B9-72F0-4C98-9DA1-F48D79281273}.Release|Any CPU.Build.0 = Release|Any CPU
		{834DCABB-58D4-4B11-B5DE-941415132F74}.Debug|Any CPU.ActiveCfg = Debug|Any CPU
		{834DCABB-58D4-4B11-B5DE-941415132F74}.Debug|Any CPU.Build.0 = Debug|Any CPU
		{834DCABB-58D4-4B11-B5DE-941415132F74}.Release|Any CPU.ActiveCfg = Release|Any CPU
		{834DCABB-58D4-4B11-B5DE-941415132F74}.Release|Any CPU.Build.0 = Release|Any CPU
	EndGlobalSection
	GlobalSection(SolutionProperties) = preSolution
		HideSolutionNode = FALSE
	EndGlobalSection
	GlobalSection(NestedProjects) = preSolution
		{A0B8E9FE-8FB4-46EA-95CA-81061B053821} = {A16C2F28-CA64-4C83-AC2A-FFD7F5F81B27}
		{4598507E-405C-4279-A00B-F61F7754FE08} = {A16C2F28-CA64-4C83-AC2A-FFD7F5F81B27}
		{03EE2386-17E9-451A-AC87-F83F874F20C0} = {A16C2F28-CA64-4C83-AC2A-FFD7F5F81B27}
		{078271C7-FD10-467E-B3CD-A35B8AEEE41A} = {A16C2F28-CA64-4C83-AC2A-FFD7F5F81B27}
		{2A7CF7B8-FA1C-4A62-AB4E-60583C463F90} = {A16C2F28-CA64-4C83-AC2A-FFD7F5F81B27}
		{CF15B513-1FA2-4611-AF58-AF2172620A75} = {A16C2F28-CA64-4C83-AC2A-FFD7F5F81B27}
		{47467CF0-13E4-49F9-8DC5-230DE29D05E8} = {A16C2F28-CA64-4C83-AC2A-FFD7F5F81B27}
		{2B2FDA69-B157-4296-908F-C5F820BA6197} = {A16C2F28-CA64-4C83-AC2A-FFD7F5F81B27}
		{C7BADC06-1910-495D-A6C7-D430684087AD} = {A16C2F28-CA64-4C83-AC2A-FFD7F5F81B27}
		{9511B0BC-897D-4681-966E-4DB2C8F78FBE} = {A16C2F28-CA64-4C83-AC2A-FFD7F5F81B27}
		{024B5BFB-2B91-41A4-9C29-87F2FB55B376} = {A16C2F28-CA64-4C83-AC2A-FFD7F5F81B27}
		{75ED9157-FCC6-46A4-A31B-9CD06AE353BA} = {A16C2F28-CA64-4C83-AC2A-FFD7F5F81B27}
		{A4D82DA0-771B-4D44-9248-F526CDB8DF4B} = {A16C2F28-CA64-4C83-AC2A-FFD7F5F81B27}
		{CEC35869-4B42-4817-B825-D2118F389222} = {A16C2F28-CA64-4C83-AC2A-FFD7F5F81B27}
		{8D065939-B370-4C6A-98E1-2ED8888F4FD8} = {A16C2F28-CA64-4C83-AC2A-FFD7F5F81B27}
		{AFD390C4-AFB9-45A2-BE1B-DBE136E02956} = {A16C2F28-CA64-4C83-AC2A-FFD7F5F81B27}
		{BF90878A-6C2E-482C-ABAD-0E4FDA4D280E} = {A16C2F28-CA64-4C83-AC2A-FFD7F5F81B27}
		{BF79E857-DA60-49D3-836D-B74B54E24A8E} = {A16C2F28-CA64-4C83-AC2A-FFD7F5F81B27}
		{CB169ECF-D3CE-4CB6-B499-8995FF1C5FC3} = {A06B7C04-84B2-41EB-B268-70D6A7E8E182}
		{ABC33F3A-8AD5-4900-89E3-AE257D4D3567} = {A06B7C04-84B2-41EB-B268-70D6A7E8E182}
		{06EFE9B5-404A-441B-920B-EF404A542E60} = {A06B7C04-84B2-41EB-B268-70D6A7E8E182}
		{7310C822-7A8B-48F7-BE47-74372220FE65} = {A06B7C04-84B2-41EB-B268-70D6A7E8E182}
		{559A5D7D-CAC3-4466-BD3D-6F00EDB53153} = {A06B7C04-84B2-41EB-B268-70D6A7E8E182}
		{DC23415A-112F-4782-979B-2604AD2B46ED} = {A06B7C04-84B2-41EB-B268-70D6A7E8E182}
		{2ADA50AA-F670-4D58-9905-8E2815B558ED} = {A06B7C04-84B2-41EB-B268-70D6A7E8E182}
		{2B1B0178-FA0F-46FA-BCF8-DC370178FAEF} = {A06B7C04-84B2-41EB-B268-70D6A7E8E182}
		{32E6D667-D11E-43A8-B023-B8463CA9BE2A} = {A06B7C04-84B2-41EB-B268-70D6A7E8E182}
		{0EE7E6E0-8BFB-4417-8332-C1ACBAF4C2F9} = {A06B7C04-84B2-41EB-B268-70D6A7E8E182}
		{A3E7D55B-AB7E-4009-ADD1-A92C351DD6BE} = {A06B7C04-84B2-41EB-B268-70D6A7E8E182}
		{E3257BB1-1851-44B5-8F1A-920B72C43102} = {A06B7C04-84B2-41EB-B268-70D6A7E8E182}
		{3760E843-E832-4DF2-BF5C-9FD7429689D6} = {A06B7C04-84B2-41EB-B268-70D6A7E8E182}
		{2AFBD52F-1082-4CFD-9438-3BD585B71FB1} = {A06B7C04-84B2-41EB-B268-70D6A7E8E182}
		{30FDE2B9-72F0-4C98-9DA1-F48D79281273} = {A06B7C04-84B2-41EB-B268-70D6A7E8E182}
		{834DCABB-58D4-4B11-B5DE-941415132F74} = {A06B7C04-84B2-41EB-B268-70D6A7E8E182}
	EndGlobalSection
	GlobalSection(ExtensibilityGlobals) = postSolution
		SolutionGuid = {F6EA9153-0B85-4A4A-AB5B-52B9321DDF84}
	EndGlobalSection
EndGlobal
